// !$*UTF8*$!
{
	archiveVersion = 1;
	classes = {
	};
	objectVersion = 46;
	objects = {

/* Begin PBXBuildFile section */
		0AD010FA1E85FE92001D23E3 /* main.m in Sources */ = {isa = PBXBuildFile; fileRef = 0AD010F91E85FE92001D23E3 /* main.m */; };
		0AD010FD1E85FE92001D23E3 /* AppDelegate.m in Sources */ = {isa = PBXBuildFile; fileRef = 0AD010FC1E85FE92001D23E3 /* AppDelegate.m */; };
		0AD011031E85FE92001D23E3 /* Main.storyboard in Resources */ = {isa = PBXBuildFile; fileRef = 0AD011011E85FE92001D23E3 /* Main.storyboard */; };
		0AD011051E85FE92001D23E3 /* Assets.xcassets in Resources */ = {isa = PBXBuildFile; fileRef = 0AD011041E85FE92001D23E3 /* Assets.xcassets */; };
		0AD011081E85FE92001D23E3 /* LaunchScreen.storyboard in Resources */ = {isa = PBXBuildFile; fileRef = 0AD011061E85FE92001D23E3 /* LaunchScreen.storyboard */; };
		0AD011201E85FEB5001D23E3 /* NHApiRequestHelper.m in Sources */ = {isa = PBXBuildFile; fileRef = 0AD011111E85FEB5001D23E3 /* NHApiRequestHelper.m */; };
		0AD011211E85FEB5001D23E3 /* NHFacebookCall.m in Sources */ = {isa = PBXBuildFile; fileRef = 0AD011131E85FEB5001D23E3 /* NHFacebookCall.m */; };
		0AD011221E85FEB5001D23E3 /* NHQQCall.m in Sources */ = {isa = PBXBuildFile; fileRef = 0AD011151E85FEB5001D23E3 /* NHQQCall.m */; };
		0AD011231E85FEB5001D23E3 /* NHShareCallTool.m in Sources */ = {isa = PBXBuildFile; fileRef = 0AD011171E85FEB5001D23E3 /* NHShareCallTool.m */; };
		0AD011241E85FEB5001D23E3 /* NHUserinfo.m in Sources */ = {isa = PBXBuildFile; fileRef = 0AD0111B1E85FEB5001D23E3 /* NHUserinfo.m */; };
		0AD011251E85FEB5001D23E3 /* NHWechatCall.m in Sources */ = {isa = PBXBuildFile; fileRef = 0AD0111D1E85FEB5001D23E3 /* NHWechatCall.m */; };
		0AD011261E85FEB5001D23E3 /* NHWeiBoCall.m in Sources */ = {isa = PBXBuildFile; fileRef = 0AD0111F1E85FEB5001D23E3 /* NHWeiBoCall.m */; };
		0AD011601E8606A8001D23E3 /* NHReusableView.m in Sources */ = {isa = PBXBuildFile; fileRef = 0AD011551E8606A8001D23E3 /* NHReusableView.m */; };
		0AD011611E8606A8001D23E3 /* NHReusableView.xib in Resources */ = {isa = PBXBuildFile; fileRef = 0AD011561E8606A8001D23E3 /* NHReusableView.xib */; };
		0AD011621E8606A8001D23E3 /* NHShareCell.m in Sources */ = {isa = PBXBuildFile; fileRef = 0AD011581E8606A8001D23E3 /* NHShareCell.m */; };
		0AD011631E8606A8001D23E3 /* NHShareCell.xib in Resources */ = {isa = PBXBuildFile; fileRef = 0AD011591E8606A8001D23E3 /* NHShareCell.xib */; };
		0AD011641E8606A8001D23E3 /* NHShareModel.m in Sources */ = {isa = PBXBuildFile; fileRef = 0AD0115B1E8606A8001D23E3 /* NHShareModel.m */; };
		0AD011651E8606A8001D23E3 /* NHShareResources.bundle in Resources */ = {isa = PBXBuildFile; fileRef = 0AD0115D1E8606A8001D23E3 /* NHShareResources.bundle */; };
		0AD011661E8606A8001D23E3 /* shareList.plist in Resources */ = {isa = PBXBuildFile; fileRef = 0AD0115E1E8606A8001D23E3 /* shareList.plist */; };
		0AD011671E8606A8001D23E3 /* test.png in Resources */ = {isa = PBXBuildFile; fileRef = 0AD0115F1E8606A8001D23E3 /* test.png */; };
		0AD0116A1E86070D001D23E3 /* ViewController.m in Sources */ = {isa = PBXBuildFile; fileRef = 0AD011691E86070D001D23E3 /* ViewController.m */; };
		0AD0116D1E860884001D23E3 /* CoreText.framework in Frameworks */ = {isa = PBXBuildFile; fileRef = 0AD0116C1E860884001D23E3 /* CoreText.framework */; };
		0AD0116F1E86088B001D23E3 /* ImageIO.framework in Frameworks */ = {isa = PBXBuildFile; fileRef = 0AD0116E1E86088B001D23E3 /* ImageIO.framework */; };
		0AD011711E860893001D23E3 /* QuartzCore.framework in Frameworks */ = {isa = PBXBuildFile; fileRef = 0AD011701E860893001D23E3 /* QuartzCore.framework */; };
		0AD011731E86089C001D23E3 /* CFNetwork.framework in Frameworks */ = {isa = PBXBuildFile; fileRef = 0AD011721E86089C001D23E3 /* CFNetwork.framework */; };
		0AD011751E8608A4001D23E3 /* CoreTelephony.framework in Frameworks */ = {isa = PBXBuildFile; fileRef = 0AD011741E8608A4001D23E3 /* CoreTelephony.framework */; };
		0AD011771E8608AB001D23E3 /* CoreGraphics.framework in Frameworks */ = {isa = PBXBuildFile; fileRef = 0AD011761E8608AB001D23E3 /* CoreGraphics.framework */; };
		0AD011791E8608B3001D23E3 /* SystemConfiguration.framework in Frameworks */ = {isa = PBXBuildFile; fileRef = 0AD011781E8608B3001D23E3 /* SystemConfiguration.framework */; };
		0AD0117B1E8608BA001D23E3 /* Security.framework in Frameworks */ = {isa = PBXBuildFile; fileRef = 0AD0117A1E8608BA001D23E3 /* Security.framework */; };
		0AD0117D1E8608C2001D23E3 /* libsqlite3.0.tbd in Frameworks */ = {isa = PBXBuildFile; fileRef = 0AD0117C1E8608C2001D23E3 /* libsqlite3.0.tbd */; };
		0AD0117F1E8608C7001D23E3 /* libz.tbd in Frameworks */ = {isa = PBXBuildFile; fileRef = 0AD0117E1E8608C7001D23E3 /* libz.tbd */; };
		0AD011811E8608D1001D23E3 /* libsqlite3.tbd in Frameworks */ = {isa = PBXBuildFile; fileRef = 0AD011801E8608D1001D23E3 /* libsqlite3.tbd */; };
		0AD011831E8608DA001D23E3 /* libstdc++.tbd in Frameworks */ = {isa = PBXBuildFile; fileRef = 0AD011821E8608DA001D23E3 /* libstdc++.tbd */; };
		0AD011851E8608E4001D23E3 /* libiconv.tbd in Frameworks */ = {isa = PBXBuildFile; fileRef = 0AD011841E8608E4001D23E3 /* libiconv.tbd */; };
		0AD011A51E86151F001D23E3 /* Bolts.framework in Frameworks */ = {isa = PBXBuildFile; fileRef = 0AD011881E86151E001D23E3 /* Bolts.framework */; };
		0AD011A61E86151F001D23E3 /* FBSDKCoreKit.framework in Frameworks */ = {isa = PBXBuildFile; fileRef = 0AD011891E86151E001D23E3 /* FBSDKCoreKit.framework */; };
		0AD011A71E86151F001D23E3 /* FBSDKLoginKit.framework in Frameworks */ = {isa = PBXBuildFile; fileRef = 0AD0118A1E86151F001D23E3 /* FBSDKLoginKit.framework */; };
		0AD011A81E86151F001D23E3 /* FBSDKMessengerShareKit.framework in Frameworks */ = {isa = PBXBuildFile; fileRef = 0AD0118B1E86151F001D23E3 /* FBSDKMessengerShareKit.framework */; };
		0AD011A91E86151F001D23E3 /* FBSDKShareKit.framework in Frameworks */ = {isa = PBXBuildFile; fileRef = 0AD0118C1E86151F001D23E3 /* FBSDKShareKit.framework */; };
		0AD011AA1E86151F001D23E3 /* README.txt in Resources */ = {isa = PBXBuildFile; fileRef = 0AD0118D1E86151F001D23E3 /* README.txt */; };
		0AD011AB1E86151F001D23E3 /* libWeiboSDK.a in Frameworks */ = {isa = PBXBuildFile; fileRef = 0AD0118F1E86151F001D23E3 /* libWeiboSDK.a */; };
		0AD011AC1E86151F001D23E3 /* WeiboSDK.bundle in Resources */ = {isa = PBXBuildFile; fileRef = 0AD011991E86151F001D23E3 /* WeiboSDK.bundle */; };
		0AD011AD1E86151F001D23E3 /* TencentOpenAPI.framework in Frameworks */ = {isa = PBXBuildFile; fileRef = 0AD0119D1E86151F001D23E3 /* TencentOpenAPI.framework */; };
		0AD011AE1E86151F001D23E3 /* TencentOpenApi_IOS_Bundle.bundle in Resources */ = {isa = PBXBuildFile; fileRef = 0AD0119E1E86151F001D23E3 /* TencentOpenApi_IOS_Bundle.bundle */; };
		0AD011AF1E86151F001D23E3 /* libWeChatSDK.a in Frameworks */ = {isa = PBXBuildFile; fileRef = 0AD011A01E86151F001D23E3 /* libWeChatSDK.a */; };
		0AD011B01E86151F001D23E3 /* README.txt in Resources */ = {isa = PBXBuildFile; fileRef = 0AD011A11E86151F001D23E3 /* README.txt */; };
		0AD011B31E8619AC001D23E3 /* NHCall.m in Sources */ = {isa = PBXBuildFile; fileRef = 0AD011B21E8619AC001D23E3 /* NHCall.m */; };
		0AF7CC681E8BBB3F00D2EC19 /* NHAliAuthV2info.m in Sources */ = {isa = PBXBuildFile; fileRef = 0AF7CC671E8BBB3F00D2EC19 /* NHAliAuthV2info.m */; };
		0AF7CC751E8BBC9300D2EC19 /* base64.m in Sources */ = {isa = PBXBuildFile; fileRef = 0AF7CC6B1E8BBC9300D2EC19 /* base64.m */; };
		0AF7CC761E8BBC9300D2EC19 /* NSDataEx.m in Sources */ = {isa = PBXBuildFile; fileRef = 0AF7CC6E1E8BBC9300D2EC19 /* NSDataEx.m */; };
		0AF7CC771E8BBC9300D2EC19 /* openssl_wrapper.m in Sources */ = {isa = PBXBuildFile; fileRef = 0AF7CC701E8BBC9300D2EC19 /* openssl_wrapper.m */; };
		0AF7CC781E8BBC9300D2EC19 /* RSADataSigner.m in Sources */ = {isa = PBXBuildFile; fileRef = 0AF7CC721E8BBC9300D2EC19 /* RSADataSigner.m */; };
		0AF7CC791E8BBC9300D2EC19 /* RSADataVerifier.m in Sources */ = {isa = PBXBuildFile; fileRef = 0AF7CC741E8BBC9300D2EC19 /* RSADataVerifier.m */; };
		0AF7CC841E8BBDCF00D2EC19 /* AlipaySDK.bundle in Resources */ = {isa = PBXBuildFile; fileRef = 0AF7CC7C1E8BBDCF00D2EC19 /* AlipaySDK.bundle */; };
		0AF7CC851E8BBDCF00D2EC19 /* AlipaySDK.framework in Frameworks */ = {isa = PBXBuildFile; fileRef = 0AF7CC7D1E8BBDCF00D2EC19 /* AlipaySDK.framework */; };
		0AF7CC861E8BBDCF00D2EC19 /* libAPOpenSdk.a in Frameworks */ = {isa = PBXBuildFile; fileRef = 0AF7CC821E8BBDCF00D2EC19 /* libAPOpenSdk.a */; };
		0AF7CC871E8BBDCF00D2EC19 /* 更新历史.txt in Resources */ = {isa = PBXBuildFile; fileRef = 0AF7CC831E8BBDCF00D2EC19 /* 更新历史.txt */; };
		0AF7CCD51E8BBEEA00D2EC19 /* libc++.tbd in Frameworks */ = {isa = PBXBuildFile; fileRef = 0AF7CCD41E8BBEEA00D2EC19 /* libc++.tbd */; };
		0AF7CCD71E8BBEFB00D2EC19 /* CoreMotion.framework in Frameworks */ = {isa = PBXBuildFile; fileRef = 0AF7CCD61E8BBEFB00D2EC19 /* CoreMotion.framework */; };
		0AF7CCD91E8BBF3B00D2EC19 /* Foundation.framework in Frameworks */ = {isa = PBXBuildFile; fileRef = 0AF7CCD81E8BBF3B00D2EC19 /* Foundation.framework */; };
		0AF7CD301E8BC63F00D2EC19 /* libcrypto.a in Frameworks */ = {isa = PBXBuildFile; fileRef = 0AF7CD2E1E8BC63F00D2EC19 /* libcrypto.a */; };
		0AF7CD311E8BC63F00D2EC19 /* libssl.a in Frameworks */ = {isa = PBXBuildFile; fileRef = 0AF7CD2F1E8BC63F00D2EC19 /* libssl.a */; };
		0AF91CE91E8B8579001E747F /* NHAlibabaCall.m in Sources */ = {isa = PBXBuildFile; fileRef = 0AF91CE81E8B8579001E747F /* NHAlibabaCall.m */; };
		0AF91D081E8BA952001E747F /* FTPopOverMenu.m in Sources */ = {isa = PBXBuildFile; fileRef = 0AF91D071E8BA952001E747F /* FTPopOverMenu.m */; };
/* End PBXBuildFile section */

/* Begin PBXFileReference section */
		0A0B9B3A1E87D98100C99FD7 /* NHCallProtocol.h */ = {isa = PBXFileReference; fileEncoding = 4; lastKnownFileType = sourcecode.c.h; path = NHCallProtocol.h; sourceTree = "<group>"; };
		0AD010F51E85FE92001D23E3 /* NHShareHelperDemo.app */ = {isa = PBXFileReference; explicitFileType = wrapper.application; includeInIndex = 0; path = NHShareHelperDemo.app; sourceTree = BUILT_PRODUCTS_DIR; };
		0AD010F91E85FE92001D23E3 /* main.m */ = {isa = PBXFileReference; lastKnownFileType = sourcecode.c.objc; path = main.m; sourceTree = "<group>"; };
		0AD010FB1E85FE92001D23E3 /* AppDelegate.h */ = {isa = PBXFileReference; lastKnownFileType = sourcecode.c.h; path = AppDelegate.h; sourceTree = "<group>"; };
		0AD010FC1E85FE92001D23E3 /* AppDelegate.m */ = {isa = PBXFileReference; lastKnownFileType = sourcecode.c.objc; path = AppDelegate.m; sourceTree = "<group>"; };
		0AD011021E85FE92001D23E3 /* Base */ = {isa = PBXFileReference; lastKnownFileType = file.storyboard; name = Base; path = Base.lproj/Main.storyboard; sourceTree = "<group>"; };
		0AD011041E85FE92001D23E3 /* Assets.xcassets */ = {isa = PBXFileReference; lastKnownFileType = folder.assetcatalog; path = Assets.xcassets; sourceTree = "<group>"; };
		0AD011071E85FE92001D23E3 /* Base */ = {isa = PBXFileReference; lastKnownFileType = file.storyboard; name = Base; path = Base.lproj/LaunchScreen.storyboard; sourceTree = "<group>"; };
		0AD011091E85FE92001D23E3 /* Info.plist */ = {isa = PBXFileReference; lastKnownFileType = text.plist.xml; path = Info.plist; sourceTree = "<group>"; };
		0AD011101E85FEB5001D23E3 /* NHApiRequestHelper.h */ = {isa = PBXFileReference; fileEncoding = 4; lastKnownFileType = sourcecode.c.h; path = NHApiRequestHelper.h; sourceTree = "<group>"; };
		0AD011111E85FEB5001D23E3 /* NHApiRequestHelper.m */ = {isa = PBXFileReference; fileEncoding = 4; lastKnownFileType = sourcecode.c.objc; path = NHApiRequestHelper.m; sourceTree = "<group>"; };
		0AD011121E85FEB5001D23E3 /* NHFacebookCall.h */ = {isa = PBXFileReference; fileEncoding = 4; lastKnownFileType = sourcecode.c.h; path = NHFacebookCall.h; sourceTree = "<group>"; };
		0AD011131E85FEB5001D23E3 /* NHFacebookCall.m */ = {isa = PBXFileReference; fileEncoding = 4; lastKnownFileType = sourcecode.c.objc; path = NHFacebookCall.m; sourceTree = "<group>"; };
		0AD011141E85FEB5001D23E3 /* NHQQCall.h */ = {isa = PBXFileReference; fileEncoding = 4; lastKnownFileType = sourcecode.c.h; path = NHQQCall.h; sourceTree = "<group>"; };
		0AD011151E85FEB5001D23E3 /* NHQQCall.m */ = {isa = PBXFileReference; fileEncoding = 4; lastKnownFileType = sourcecode.c.objc; path = NHQQCall.m; sourceTree = "<group>"; };
		0AD011161E85FEB5001D23E3 /* NHShareCallTool.h */ = {isa = PBXFileReference; fileEncoding = 4; lastKnownFileType = sourcecode.c.h; path = NHShareCallTool.h; sourceTree = "<group>"; };
		0AD011171E85FEB5001D23E3 /* NHShareCallTool.m */ = {isa = PBXFileReference; fileEncoding = 4; lastKnownFileType = sourcecode.c.objc; path = NHShareCallTool.m; sourceTree = "<group>"; };
		0AD011181E85FEB5001D23E3 /* NHShareConfiguration.h */ = {isa = PBXFileReference; fileEncoding = 4; lastKnownFileType = sourcecode.c.h; path = NHShareConfiguration.h; sourceTree = "<group>"; };
		0AD011191E85FEB5001D23E3 /* NHSingleton.h */ = {isa = PBXFileReference; fileEncoding = 4; lastKnownFileType = sourcecode.c.h; path = NHSingleton.h; sourceTree = "<group>"; };
		0AD0111A1E85FEB5001D23E3 /* NHUserinfo.h */ = {isa = PBXFileReference; fileEncoding = 4; lastKnownFileType = sourcecode.c.h; path = NHUserinfo.h; sourceTree = "<group>"; };
		0AD0111B1E85FEB5001D23E3 /* NHUserinfo.m */ = {isa = PBXFileReference; fileEncoding = 4; lastKnownFileType = sourcecode.c.objc; path = NHUserinfo.m; sourceTree = "<group>"; };
		0AD0111C1E85FEB5001D23E3 /* NHWechatCall.h */ = {isa = PBXFileReference; fileEncoding = 4; lastKnownFileType = sourcecode.c.h; path = NHWechatCall.h; sourceTree = "<group>"; };
		0AD0111D1E85FEB5001D23E3 /* NHWechatCall.m */ = {isa = PBXFileReference; fileEncoding = 4; lastKnownFileType = sourcecode.c.objc; path = NHWechatCall.m; sourceTree = "<group>"; };
		0AD0111E1E85FEB5001D23E3 /* NHWeiBoCall.h */ = {isa = PBXFileReference; fileEncoding = 4; lastKnownFileType = sourcecode.c.h; path = NHWeiBoCall.h; sourceTree = "<group>"; };
		0AD0111F1E85FEB5001D23E3 /* NHWeiBoCall.m */ = {isa = PBXFileReference; fileEncoding = 4; lastKnownFileType = sourcecode.c.objc; path = NHWeiBoCall.m; sourceTree = "<group>"; };
		0AD011541E8606A8001D23E3 /* NHReusableView.h */ = {isa = PBXFileReference; fileEncoding = 4; lastKnownFileType = sourcecode.c.h; path = NHReusableView.h; sourceTree = "<group>"; };
		0AD011551E8606A8001D23E3 /* NHReusableView.m */ = {isa = PBXFileReference; fileEncoding = 4; lastKnownFileType = sourcecode.c.objc; path = NHReusableView.m; sourceTree = "<group>"; };
		0AD011561E8606A8001D23E3 /* NHReusableView.xib */ = {isa = PBXFileReference; fileEncoding = 4; lastKnownFileType = file.xib; path = NHReusableView.xib; sourceTree = "<group>"; };
		0AD011571E8606A8001D23E3 /* NHShareCell.h */ = {isa = PBXFileReference; fileEncoding = 4; lastKnownFileType = sourcecode.c.h; path = NHShareCell.h; sourceTree = "<group>"; };
		0AD011581E8606A8001D23E3 /* NHShareCell.m */ = {isa = PBXFileReference; fileEncoding = 4; lastKnownFileType = sourcecode.c.objc; path = NHShareCell.m; sourceTree = "<group>"; };
		0AD011591E8606A8001D23E3 /* NHShareCell.xib */ = {isa = PBXFileReference; fileEncoding = 4; lastKnownFileType = file.xib; path = NHShareCell.xib; sourceTree = "<group>"; };
		0AD0115A1E8606A8001D23E3 /* NHShareModel.h */ = {isa = PBXFileReference; fileEncoding = 4; lastKnownFileType = sourcecode.c.h; path = NHShareModel.h; sourceTree = "<group>"; };
		0AD0115B1E8606A8001D23E3 /* NHShareModel.m */ = {isa = PBXFileReference; fileEncoding = 4; lastKnownFileType = sourcecode.c.objc; path = NHShareModel.m; sourceTree = "<group>"; };
		0AD0115D1E8606A8001D23E3 /* NHShareResources.bundle */ = {isa = PBXFileReference; lastKnownFileType = "wrapper.plug-in"; path = NHShareResources.bundle; sourceTree = "<group>"; };
		0AD0115E1E8606A8001D23E3 /* shareList.plist */ = {isa = PBXFileReference; fileEncoding = 4; lastKnownFileType = text.plist.xml; path = shareList.plist; sourceTree = "<group>"; };
		0AD0115F1E8606A8001D23E3 /* test.png */ = {isa = PBXFileReference; lastKnownFileType = image.png; path = test.png; sourceTree = "<group>"; };
		0AD011681E86070D001D23E3 /* ViewController.h */ = {isa = PBXFileReference; fileEncoding = 4; lastKnownFileType = sourcecode.c.h; path = ViewController.h; sourceTree = "<group>"; };
		0AD011691E86070D001D23E3 /* ViewController.m */ = {isa = PBXFileReference; fileEncoding = 4; lastKnownFileType = sourcecode.c.objc; path = ViewController.m; sourceTree = "<group>"; };
		0AD0116C1E860884001D23E3 /* CoreText.framework */ = {isa = PBXFileReference; lastKnownFileType = wrapper.framework; name = CoreText.framework; path = System/Library/Frameworks/CoreText.framework; sourceTree = SDKROOT; };
		0AD0116E1E86088B001D23E3 /* ImageIO.framework */ = {isa = PBXFileReference; lastKnownFileType = wrapper.framework; name = ImageIO.framework; path = System/Library/Frameworks/ImageIO.framework; sourceTree = SDKROOT; };
		0AD011701E860893001D23E3 /* QuartzCore.framework */ = {isa = PBXFileReference; lastKnownFileType = wrapper.framework; name = QuartzCore.framework; path = System/Library/Frameworks/QuartzCore.framework; sourceTree = SDKROOT; };
		0AD011721E86089C001D23E3 /* CFNetwork.framework */ = {isa = PBXFileReference; lastKnownFileType = wrapper.framework; name = CFNetwork.framework; path = System/Library/Frameworks/CFNetwork.framework; sourceTree = SDKROOT; };
		0AD011741E8608A4001D23E3 /* CoreTelephony.framework */ = {isa = PBXFileReference; lastKnownFileType = wrapper.framework; name = CoreTelephony.framework; path = System/Library/Frameworks/CoreTelephony.framework; sourceTree = SDKROOT; };
		0AD011761E8608AB001D23E3 /* CoreGraphics.framework */ = {isa = PBXFileReference; lastKnownFileType = wrapper.framework; name = CoreGraphics.framework; path = System/Library/Frameworks/CoreGraphics.framework; sourceTree = SDKROOT; };
		0AD011781E8608B3001D23E3 /* SystemConfiguration.framework */ = {isa = PBXFileReference; lastKnownFileType = wrapper.framework; name = SystemConfiguration.framework; path = System/Library/Frameworks/SystemConfiguration.framework; sourceTree = SDKROOT; };
		0AD0117A1E8608BA001D23E3 /* Security.framework */ = {isa = PBXFileReference; lastKnownFileType = wrapper.framework; name = Security.framework; path = System/Library/Frameworks/Security.framework; sourceTree = SDKROOT; };
		0AD0117C1E8608C2001D23E3 /* libsqlite3.0.tbd */ = {isa = PBXFileReference; lastKnownFileType = "sourcecode.text-based-dylib-definition"; name = libsqlite3.0.tbd; path = usr/lib/libsqlite3.0.tbd; sourceTree = SDKROOT; };
		0AD0117E1E8608C7001D23E3 /* libz.tbd */ = {isa = PBXFileReference; lastKnownFileType = "sourcecode.text-based-dylib-definition"; name = libz.tbd; path = usr/lib/libz.tbd; sourceTree = SDKROOT; };
		0AD011801E8608D1001D23E3 /* libsqlite3.tbd */ = {isa = PBXFileReference; lastKnownFileType = "sourcecode.text-based-dylib-definition"; name = libsqlite3.tbd; path = usr/lib/libsqlite3.tbd; sourceTree = SDKROOT; };
		0AD011821E8608DA001D23E3 /* libstdc++.tbd */ = {isa = PBXFileReference; lastKnownFileType = "sourcecode.text-based-dylib-definition"; name = "libstdc++.tbd"; path = "usr/lib/libstdc++.tbd"; sourceTree = SDKROOT; };
		0AD011841E8608E4001D23E3 /* libiconv.tbd */ = {isa = PBXFileReference; lastKnownFileType = "sourcecode.text-based-dylib-definition"; name = libiconv.tbd; path = usr/lib/libiconv.tbd; sourceTree = SDKROOT; };
		0AD011881E86151E001D23E3 /* Bolts.framework */ = {isa = PBXFileReference; lastKnownFileType = wrapper.framework; path = Bolts.framework; sourceTree = "<group>"; };
		0AD011891E86151E001D23E3 /* FBSDKCoreKit.framework */ = {isa = PBXFileReference; lastKnownFileType = wrapper.framework; path = FBSDKCoreKit.framework; sourceTree = "<group>"; };
		0AD0118A1E86151F001D23E3 /* FBSDKLoginKit.framework */ = {isa = PBXFileReference; lastKnownFileType = wrapper.framework; path = FBSDKLoginKit.framework; sourceTree = "<group>"; };
		0AD0118B1E86151F001D23E3 /* FBSDKMessengerShareKit.framework */ = {isa = PBXFileReference; lastKnownFileType = wrapper.framework; path = FBSDKMessengerShareKit.framework; sourceTree = "<group>"; };
		0AD0118C1E86151F001D23E3 /* FBSDKShareKit.framework */ = {isa = PBXFileReference; lastKnownFileType = wrapper.framework; path = FBSDKShareKit.framework; sourceTree = "<group>"; };
		0AD0118D1E86151F001D23E3 /* README.txt */ = {isa = PBXFileReference; fileEncoding = 4; lastKnownFileType = text; path = README.txt; sourceTree = "<group>"; };
		0AD0118F1E86151F001D23E3 /* libWeiboSDK.a */ = {isa = PBXFileReference; lastKnownFileType = archive.ar; path = libWeiboSDK.a; sourceTree = "<group>"; };
		0AD011901E86151F001D23E3 /* WBHttpRequest+WeiboGame.h */ = {isa = PBXFileReference; fileEncoding = 4; lastKnownFileType = sourcecode.c.h; path = "WBHttpRequest+WeiboGame.h"; sourceTree = "<group>"; };
		0AD011911E86151F001D23E3 /* WBHttpRequest+WeiboShare.h */ = {isa = PBXFileReference; fileEncoding = 4; lastKnownFileType = sourcecode.c.h; path = "WBHttpRequest+WeiboShare.h"; sourceTree = "<group>"; };
		0AD011921E86151F001D23E3 /* WBHttpRequest+WeiboToken.h */ = {isa = PBXFileReference; fileEncoding = 4; lastKnownFileType = sourcecode.c.h; path = "WBHttpRequest+WeiboToken.h"; sourceTree = "<group>"; };
		0AD011931E86151F001D23E3 /* WBHttpRequest+WeiboUser.h */ = {isa = PBXFileReference; fileEncoding = 4; lastKnownFileType = sourcecode.c.h; path = "WBHttpRequest+WeiboUser.h"; sourceTree = "<group>"; };
		0AD011941E86151F001D23E3 /* WBHttpRequest.h */ = {isa = PBXFileReference; fileEncoding = 4; lastKnownFileType = sourcecode.c.h; path = WBHttpRequest.h; sourceTree = "<group>"; };
		0AD011951E86151F001D23E3 /* WBSDKBasicButton.h */ = {isa = PBXFileReference; fileEncoding = 4; lastKnownFileType = sourcecode.c.h; path = WBSDKBasicButton.h; sourceTree = "<group>"; };
		0AD011961E86151F001D23E3 /* WBSDKCommentButton.h */ = {isa = PBXFileReference; fileEncoding = 4; lastKnownFileType = sourcecode.c.h; path = WBSDKCommentButton.h; sourceTree = "<group>"; };
		0AD011971E86151F001D23E3 /* WBSDKRelationshipButton.h */ = {isa = PBXFileReference; fileEncoding = 4; lastKnownFileType = sourcecode.c.h; path = WBSDKRelationshipButton.h; sourceTree = "<group>"; };
		0AD011981E86151F001D23E3 /* WeiboSDK+Statistics.h */ = {isa = PBXFileReference; fileEncoding = 4; lastKnownFileType = sourcecode.c.h; path = "WeiboSDK+Statistics.h"; sourceTree = "<group>"; };
		0AD011991E86151F001D23E3 /* WeiboSDK.bundle */ = {isa = PBXFileReference; lastKnownFileType = "wrapper.plug-in"; path = WeiboSDK.bundle; sourceTree = "<group>"; };
		0AD0119A1E86151F001D23E3 /* WeiboSDK.h */ = {isa = PBXFileReference; fileEncoding = 4; lastKnownFileType = sourcecode.c.h; path = WeiboSDK.h; sourceTree = "<group>"; };
		0AD0119B1E86151F001D23E3 /* WeiboUser.h */ = {isa = PBXFileReference; fileEncoding = 4; lastKnownFileType = sourcecode.c.h; path = WeiboUser.h; sourceTree = "<group>"; };
		0AD0119D1E86151F001D23E3 /* TencentOpenAPI.framework */ = {isa = PBXFileReference; lastKnownFileType = wrapper.framework; path = TencentOpenAPI.framework; sourceTree = "<group>"; };
		0AD0119E1E86151F001D23E3 /* TencentOpenApi_IOS_Bundle.bundle */ = {isa = PBXFileReference; lastKnownFileType = "wrapper.plug-in"; path = TencentOpenApi_IOS_Bundle.bundle; sourceTree = "<group>"; };
		0AD011A01E86151F001D23E3 /* libWeChatSDK.a */ = {isa = PBXFileReference; lastKnownFileType = archive.ar; path = libWeChatSDK.a; sourceTree = "<group>"; };
		0AD011A11E86151F001D23E3 /* README.txt */ = {isa = PBXFileReference; fileEncoding = 4; lastKnownFileType = text; path = README.txt; sourceTree = "<group>"; };
		0AD011A21E86151F001D23E3 /* WechatAuthSDK.h */ = {isa = PBXFileReference; fileEncoding = 4; lastKnownFileType = sourcecode.c.h; path = WechatAuthSDK.h; sourceTree = "<group>"; };
		0AD011A31E86151F001D23E3 /* WXApi.h */ = {isa = PBXFileReference; fileEncoding = 4; lastKnownFileType = sourcecode.c.h; path = WXApi.h; sourceTree = "<group>"; };
		0AD011A41E86151F001D23E3 /* WXApiObject.h */ = {isa = PBXFileReference; fileEncoding = 4; lastKnownFileType = sourcecode.c.h; path = WXApiObject.h; sourceTree = "<group>"; };
		0AD011B11E8619AC001D23E3 /* NHCall.h */ = {isa = PBXFileReference; fileEncoding = 4; lastKnownFileType = sourcecode.c.h; path = NHCall.h; sourceTree = "<group>"; };
		0AD011B21E8619AC001D23E3 /* NHCall.m */ = {isa = PBXFileReference; fileEncoding = 4; lastKnownFileType = sourcecode.c.objc; path = NHCall.m; sourceTree = "<group>"; };
		0AF7CC661E8BBB3F00D2EC19 /* NHAliAuthV2info.h */ = {isa = PBXFileReference; fileEncoding = 4; lastKnownFileType = sourcecode.c.h; path = NHAliAuthV2info.h; sourceTree = "<group>"; };
		0AF7CC671E8BBB3F00D2EC19 /* NHAliAuthV2info.m */ = {isa = PBXFileReference; fileEncoding = 4; lastKnownFileType = sourcecode.c.objc; path = NHAliAuthV2info.m; sourceTree = "<group>"; };
		0AF7CC6A1E8BBC9300D2EC19 /* base64.h */ = {isa = PBXFileReference; fileEncoding = 4; lastKnownFileType = sourcecode.c.h; path = base64.h; sourceTree = "<group>"; };
		0AF7CC6B1E8BBC9300D2EC19 /* base64.m */ = {isa = PBXFileReference; fileEncoding = 4; lastKnownFileType = sourcecode.c.objc; path = base64.m; sourceTree = "<group>"; };
		0AF7CC6C1E8BBC9300D2EC19 /* config.h */ = {isa = PBXFileReference; fileEncoding = 4; lastKnownFileType = sourcecode.c.h; path = config.h; sourceTree = "<group>"; };
		0AF7CC6D1E8BBC9300D2EC19 /* NSDataEx.h */ = {isa = PBXFileReference; fileEncoding = 4; lastKnownFileType = sourcecode.c.h; path = NSDataEx.h; sourceTree = "<group>"; };
		0AF7CC6E1E8BBC9300D2EC19 /* NSDataEx.m */ = {isa = PBXFileReference; fileEncoding = 4; lastKnownFileType = sourcecode.c.objc; path = NSDataEx.m; sourceTree = "<group>"; };
		0AF7CC6F1E8BBC9300D2EC19 /* openssl_wrapper.h */ = {isa = PBXFileReference; fileEncoding = 4; lastKnownFileType = sourcecode.c.h; path = openssl_wrapper.h; sourceTree = "<group>"; };
		0AF7CC701E8BBC9300D2EC19 /* openssl_wrapper.m */ = {isa = PBXFileReference; fileEncoding = 4; lastKnownFileType = sourcecode.c.objc; path = openssl_wrapper.m; sourceTree = "<group>"; };
		0AF7CC711E8BBC9300D2EC19 /* RSADataSigner.h */ = {isa = PBXFileReference; fileEncoding = 4; lastKnownFileType = sourcecode.c.h; path = RSADataSigner.h; sourceTree = "<group>"; };
		0AF7CC721E8BBC9300D2EC19 /* RSADataSigner.m */ = {isa = PBXFileReference; fileEncoding = 4; lastKnownFileType = sourcecode.c.objc; path = RSADataSigner.m; sourceTree = "<group>"; };
		0AF7CC731E8BBC9300D2EC19 /* RSADataVerifier.h */ = {isa = PBXFileReference; fileEncoding = 4; lastKnownFileType = sourcecode.c.h; path = RSADataVerifier.h; sourceTree = "<group>"; };
		0AF7CC741E8BBC9300D2EC19 /* RSADataVerifier.m */ = {isa = PBXFileReference; fileEncoding = 4; lastKnownFileType = sourcecode.c.objc; path = RSADataVerifier.m; sourceTree = "<group>"; };
		0AF7CC7C1E8BBDCF00D2EC19 /* AlipaySDK.bundle */ = {isa = PBXFileReference; lastKnownFileType = "wrapper.plug-in"; path = AlipaySDK.bundle; sourceTree = "<group>"; };
		0AF7CC7D1E8BBDCF00D2EC19 /* AlipaySDK.framework */ = {isa = PBXFileReference; lastKnownFileType = wrapper.framework; path = AlipaySDK.framework; sourceTree = "<group>"; };
		0AF7CC801E8BBDCF00D2EC19 /* APOpenAPI.h */ = {isa = PBXFileReference; fileEncoding = 4; lastKnownFileType = sourcecode.c.h; path = APOpenAPI.h; sourceTree = "<group>"; };
		0AF7CC811E8BBDCF00D2EC19 /* APOpenAPIObject.h */ = {isa = PBXFileReference; fileEncoding = 4; lastKnownFileType = sourcecode.c.h; path = APOpenAPIObject.h; sourceTree = "<group>"; };
		0AF7CC821E8BBDCF00D2EC19 /* libAPOpenSdk.a */ = {isa = PBXFileReference; lastKnownFileType = archive.ar; path = libAPOpenSdk.a; sourceTree = "<group>"; };
		0AF7CC831E8BBDCF00D2EC19 /* 更新历史.txt */ = {isa = PBXFileReference; fileEncoding = 4; lastKnownFileType = text; path = "更新历史.txt"; sourceTree = "<group>"; };
		0AF7CCD41E8BBEEA00D2EC19 /* libc++.tbd */ = {isa = PBXFileReference; lastKnownFileType = "sourcecode.text-based-dylib-definition"; name = "libc++.tbd"; path = "usr/lib/libc++.tbd"; sourceTree = SDKROOT; };
		0AF7CCD61E8BBEFB00D2EC19 /* CoreMotion.framework */ = {isa = PBXFileReference; lastKnownFileType = wrapper.framework; name = CoreMotion.framework; path = System/Library/Frameworks/CoreMotion.framework; sourceTree = SDKROOT; };
		0AF7CCD81E8BBF3B00D2EC19 /* Foundation.framework */ = {isa = PBXFileReference; lastKnownFileType = wrapper.framework; name = Foundation.framework; path = System/Library/Frameworks/Foundation.framework; sourceTree = SDKROOT; };
		0AF7CD2E1E8BC63F00D2EC19 /* libcrypto.a */ = {isa = PBXFileReference; lastKnownFileType = archive.ar; path = libcrypto.a; sourceTree = "<group>"; };
		0AF7CD2F1E8BC63F00D2EC19 /* libssl.a */ = {isa = PBXFileReference; lastKnownFileType = archive.ar; path = libssl.a; sourceTree = "<group>"; };
		0AF7CD331E8BC6CE00D2EC19 /* aes.h */ = {isa = PBXFileReference; fileEncoding = 4; lastKnownFileType = sourcecode.c.h; path = aes.h; sourceTree = "<group>"; };
		0AF7CD341E8BC6CE00D2EC19 /* asn1.h */ = {isa = PBXFileReference; fileEncoding = 4; lastKnownFileType = sourcecode.c.h; path = asn1.h; sourceTree = "<group>"; };
		0AF7CD351E8BC6CE00D2EC19 /* asn1_mac.h */ = {isa = PBXFileReference; fileEncoding = 4; lastKnownFileType = sourcecode.c.h; path = asn1_mac.h; sourceTree = "<group>"; };
		0AF7CD361E8BC6CE00D2EC19 /* asn1t.h */ = {isa = PBXFileReference; fileEncoding = 4; lastKnownFileType = sourcecode.c.h; path = asn1t.h; sourceTree = "<group>"; };
		0AF7CD371E8BC6CE00D2EC19 /* bio.h */ = {isa = PBXFileReference; fileEncoding = 4; lastKnownFileType = sourcecode.c.h; path = bio.h; sourceTree = "<group>"; };
		0AF7CD381E8BC6CE00D2EC19 /* blowfish.h */ = {isa = PBXFileReference; fileEncoding = 4; lastKnownFileType = sourcecode.c.h; path = blowfish.h; sourceTree = "<group>"; };
		0AF7CD391E8BC6CE00D2EC19 /* bn.h */ = {isa = PBXFileReference; fileEncoding = 4; lastKnownFileType = sourcecode.c.h; path = bn.h; sourceTree = "<group>"; };
		0AF7CD3A1E8BC6CE00D2EC19 /* buffer.h */ = {isa = PBXFileReference; fileEncoding = 4; lastKnownFileType = sourcecode.c.h; path = buffer.h; sourceTree = "<group>"; };
		0AF7CD3B1E8BC6CE00D2EC19 /* camellia.h */ = {isa = PBXFileReference; fileEncoding = 4; lastKnownFileType = sourcecode.c.h; path = camellia.h; sourceTree = "<group>"; };
		0AF7CD3C1E8BC6CE00D2EC19 /* cast.h */ = {isa = PBXFileReference; fileEncoding = 4; lastKnownFileType = sourcecode.c.h; path = cast.h; sourceTree = "<group>"; };
		0AF7CD3D1E8BC6CE00D2EC19 /* cmac.h */ = {isa = PBXFileReference; fileEncoding = 4; lastKnownFileType = sourcecode.c.h; path = cmac.h; sourceTree = "<group>"; };
		0AF7CD3E1E8BC6CE00D2EC19 /* cms.h */ = {isa = PBXFileReference; fileEncoding = 4; lastKnownFileType = sourcecode.c.h; path = cms.h; sourceTree = "<group>"; };
		0AF7CD3F1E8BC6CE00D2EC19 /* comp.h */ = {isa = PBXFileReference; fileEncoding = 4; lastKnownFileType = sourcecode.c.h; path = comp.h; sourceTree = "<group>"; };
		0AF7CD401E8BC6CE00D2EC19 /* conf.h */ = {isa = PBXFileReference; fileEncoding = 4; lastKnownFileType = sourcecode.c.h; path = conf.h; sourceTree = "<group>"; };
		0AF7CD411E8BC6CE00D2EC19 /* conf_api.h */ = {isa = PBXFileReference; fileEncoding = 4; lastKnownFileType = sourcecode.c.h; path = conf_api.h; sourceTree = "<group>"; };
		0AF7CD421E8BC6CE00D2EC19 /* crypto.h */ = {isa = PBXFileReference; fileEncoding = 4; lastKnownFileType = sourcecode.c.h; path = crypto.h; sourceTree = "<group>"; };
		0AF7CD431E8BC6CE00D2EC19 /* des.h */ = {isa = PBXFileReference; fileEncoding = 4; lastKnownFileType = sourcecode.c.h; path = des.h; sourceTree = "<group>"; };
		0AF7CD441E8BC6CE00D2EC19 /* des_old.h */ = {isa = PBXFileReference; fileEncoding = 4; lastKnownFileType = sourcecode.c.h; path = des_old.h; sourceTree = "<group>"; };
		0AF7CD451E8BC6CE00D2EC19 /* dh.h */ = {isa = PBXFileReference; fileEncoding = 4; lastKnownFileType = sourcecode.c.h; path = dh.h; sourceTree = "<group>"; };
		0AF7CD461E8BC6CE00D2EC19 /* dsa.h */ = {isa = PBXFileReference; fileEncoding = 4; lastKnownFileType = sourcecode.c.h; path = dsa.h; sourceTree = "<group>"; };
		0AF7CD471E8BC6CE00D2EC19 /* dso.h */ = {isa = PBXFileReference; fileEncoding = 4; lastKnownFileType = sourcecode.c.h; path = dso.h; sourceTree = "<group>"; };
		0AF7CD481E8BC6CE00D2EC19 /* dtls1.h */ = {isa = PBXFileReference; fileEncoding = 4; lastKnownFileType = sourcecode.c.h; path = dtls1.h; sourceTree = "<group>"; };
		0AF7CD491E8BC6CE00D2EC19 /* e_os2.h */ = {isa = PBXFileReference; fileEncoding = 4; lastKnownFileType = sourcecode.c.h; path = e_os2.h; sourceTree = "<group>"; };
		0AF7CD4A1E8BC6CE00D2EC19 /* ebcdic.h */ = {isa = PBXFileReference; fileEncoding = 4; lastKnownFileType = sourcecode.c.h; path = ebcdic.h; sourceTree = "<group>"; };
		0AF7CD4B1E8BC6CE00D2EC19 /* ec.h */ = {isa = PBXFileReference; fileEncoding = 4; lastKnownFileType = sourcecode.c.h; path = ec.h; sourceTree = "<group>"; };
		0AF7CD4C1E8BC6CE00D2EC19 /* ecdh.h */ = {isa = PBXFileReference; fileEncoding = 4; lastKnownFileType = sourcecode.c.h; path = ecdh.h; sourceTree = "<group>"; };
		0AF7CD4D1E8BC6CE00D2EC19 /* ecdsa.h */ = {isa = PBXFileReference; fileEncoding = 4; lastKnownFileType = sourcecode.c.h; path = ecdsa.h; sourceTree = "<group>"; };
		0AF7CD4E1E8BC6CE00D2EC19 /* engine.h */ = {isa = PBXFileReference; fileEncoding = 4; lastKnownFileType = sourcecode.c.h; path = engine.h; sourceTree = "<group>"; };
		0AF7CD4F1E8BC6CE00D2EC19 /* err.h */ = {isa = PBXFileReference; fileEncoding = 4; lastKnownFileType = sourcecode.c.h; path = err.h; sourceTree = "<group>"; };
		0AF7CD501E8BC6CE00D2EC19 /* evp.h */ = {isa = PBXFileReference; fileEncoding = 4; lastKnownFileType = sourcecode.c.h; path = evp.h; sourceTree = "<group>"; };
		0AF7CD511E8BC6CE00D2EC19 /* hmac.h */ = {isa = PBXFileReference; fileEncoding = 4; lastKnownFileType = sourcecode.c.h; path = hmac.h; sourceTree = "<group>"; };
		0AF7CD521E8BC6CE00D2EC19 /* idea.h */ = {isa = PBXFileReference; fileEncoding = 4; lastKnownFileType = sourcecode.c.h; path = idea.h; sourceTree = "<group>"; };
		0AF7CD531E8BC6CE00D2EC19 /* krb5_asn.h */ = {isa = PBXFileReference; fileEncoding = 4; lastKnownFileType = sourcecode.c.h; path = krb5_asn.h; sourceTree = "<group>"; };
		0AF7CD541E8BC6CE00D2EC19 /* kssl.h */ = {isa = PBXFileReference; fileEncoding = 4; lastKnownFileType = sourcecode.c.h; path = kssl.h; sourceTree = "<group>"; };
		0AF7CD551E8BC6CE00D2EC19 /* lhash.h */ = {isa = PBXFileReference; fileEncoding = 4; lastKnownFileType = sourcecode.c.h; path = lhash.h; sourceTree = "<group>"; };
		0AF7CD561E8BC6CE00D2EC19 /* md4.h */ = {isa = PBXFileReference; fileEncoding = 4; lastKnownFileType = sourcecode.c.h; path = md4.h; sourceTree = "<group>"; };
		0AF7CD571E8BC6CE00D2EC19 /* md5.h */ = {isa = PBXFileReference; fileEncoding = 4; lastKnownFileType = sourcecode.c.h; path = md5.h; sourceTree = "<group>"; };
		0AF7CD581E8BC6CE00D2EC19 /* mdc2.h */ = {isa = PBXFileReference; fileEncoding = 4; lastKnownFileType = sourcecode.c.h; path = mdc2.h; sourceTree = "<group>"; };
		0AF7CD591E8BC6CE00D2EC19 /* modes.h */ = {isa = PBXFileReference; fileEncoding = 4; lastKnownFileType = sourcecode.c.h; path = modes.h; sourceTree = "<group>"; };
		0AF7CD5A1E8BC6CF00D2EC19 /* obj_mac.h */ = {isa = PBXFileReference; fileEncoding = 4; lastKnownFileType = sourcecode.c.h; path = obj_mac.h; sourceTree = "<group>"; };
		0AF7CD5B1E8BC6CF00D2EC19 /* objects.h */ = {isa = PBXFileReference; fileEncoding = 4; lastKnownFileType = sourcecode.c.h; path = objects.h; sourceTree = "<group>"; };
		0AF7CD5C1E8BC6CF00D2EC19 /* ocsp.h */ = {isa = PBXFileReference; fileEncoding = 4; lastKnownFileType = sourcecode.c.h; path = ocsp.h; sourceTree = "<group>"; };
		0AF7CD5D1E8BC6CF00D2EC19 /* opensslconf.h */ = {isa = PBXFileReference; fileEncoding = 4; lastKnownFileType = sourcecode.c.h; path = opensslconf.h; sourceTree = "<group>"; };
		0AF7CD5E1E8BC6CF00D2EC19 /* opensslv.h */ = {isa = PBXFileReference; fileEncoding = 4; lastKnownFileType = sourcecode.c.h; path = opensslv.h; sourceTree = "<group>"; };
		0AF7CD5F1E8BC6CF00D2EC19 /* ossl_typ.h */ = {isa = PBXFileReference; fileEncoding = 4; lastKnownFileType = sourcecode.c.h; path = ossl_typ.h; sourceTree = "<group>"; };
		0AF7CD601E8BC6CF00D2EC19 /* pem.h */ = {isa = PBXFileReference; fileEncoding = 4; lastKnownFileType = sourcecode.c.h; path = pem.h; sourceTree = "<group>"; };
		0AF7CD611E8BC6CF00D2EC19 /* pem2.h */ = {isa = PBXFileReference; fileEncoding = 4; lastKnownFileType = sourcecode.c.h; path = pem2.h; sourceTree = "<group>"; };
		0AF7CD621E8BC6CF00D2EC19 /* pkcs12.h */ = {isa = PBXFileReference; fileEncoding = 4; lastKnownFileType = sourcecode.c.h; path = pkcs12.h; sourceTree = "<group>"; };
		0AF7CD631E8BC6CF00D2EC19 /* pkcs7.h */ = {isa = PBXFileReference; fileEncoding = 4; lastKnownFileType = sourcecode.c.h; path = pkcs7.h; sourceTree = "<group>"; };
		0AF7CD641E8BC6CF00D2EC19 /* pqueue.h */ = {isa = PBXFileReference; fileEncoding = 4; lastKnownFileType = sourcecode.c.h; path = pqueue.h; sourceTree = "<group>"; };
		0AF7CD651E8BC6CF00D2EC19 /* rand.h */ = {isa = PBXFileReference; fileEncoding = 4; lastKnownFileType = sourcecode.c.h; path = rand.h; sourceTree = "<group>"; };
		0AF7CD661E8BC6CF00D2EC19 /* rc2.h */ = {isa = PBXFileReference; fileEncoding = 4; lastKnownFileType = sourcecode.c.h; path = rc2.h; sourceTree = "<group>"; };
		0AF7CD671E8BC6CF00D2EC19 /* rc4.h */ = {isa = PBXFileReference; fileEncoding = 4; lastKnownFileType = sourcecode.c.h; path = rc4.h; sourceTree = "<group>"; };
		0AF7CD681E8BC6CF00D2EC19 /* ripemd.h */ = {isa = PBXFileReference; fileEncoding = 4; lastKnownFileType = sourcecode.c.h; path = ripemd.h; sourceTree = "<group>"; };
		0AF7CD691E8BC6CF00D2EC19 /* rsa.h */ = {isa = PBXFileReference; fileEncoding = 4; lastKnownFileType = sourcecode.c.h; path = rsa.h; sourceTree = "<group>"; };
		0AF7CD6A1E8BC6CF00D2EC19 /* safestack.h */ = {isa = PBXFileReference; fileEncoding = 4; lastKnownFileType = sourcecode.c.h; path = safestack.h; sourceTree = "<group>"; };
		0AF7CD6B1E8BC6CF00D2EC19 /* seed.h */ = {isa = PBXFileReference; fileEncoding = 4; lastKnownFileType = sourcecode.c.h; path = seed.h; sourceTree = "<group>"; };
		0AF7CD6C1E8BC6CF00D2EC19 /* sha.h */ = {isa = PBXFileReference; fileEncoding = 4; lastKnownFileType = sourcecode.c.h; path = sha.h; sourceTree = "<group>"; };
		0AF7CD6D1E8BC6CF00D2EC19 /* srp.h */ = {isa = PBXFileReference; fileEncoding = 4; lastKnownFileType = sourcecode.c.h; path = srp.h; sourceTree = "<group>"; };
		0AF7CD6E1E8BC6CF00D2EC19 /* srtp.h */ = {isa = PBXFileReference; fileEncoding = 4; lastKnownFileType = sourcecode.c.h; path = srtp.h; sourceTree = "<group>"; };
		0AF7CD6F1E8BC6CF00D2EC19 /* ssl.h */ = {isa = PBXFileReference; fileEncoding = 4; lastKnownFileType = sourcecode.c.h; path = ssl.h; sourceTree = "<group>"; };
		0AF7CD701E8BC6CF00D2EC19 /* ssl2.h */ = {isa = PBXFileReference; fileEncoding = 4; lastKnownFileType = sourcecode.c.h; path = ssl2.h; sourceTree = "<group>"; };
		0AF7CD711E8BC6CF00D2EC19 /* ssl23.h */ = {isa = PBXFileReference; fileEncoding = 4; lastKnownFileType = sourcecode.c.h; path = ssl23.h; sourceTree = "<group>"; };
		0AF7CD721E8BC6CF00D2EC19 /* ssl3.h */ = {isa = PBXFileReference; fileEncoding = 4; lastKnownFileType = sourcecode.c.h; path = ssl3.h; sourceTree = "<group>"; };
		0AF7CD731E8BC6CF00D2EC19 /* stack.h */ = {isa = PBXFileReference; fileEncoding = 4; lastKnownFileType = sourcecode.c.h; path = stack.h; sourceTree = "<group>"; };
		0AF7CD741E8BC6CF00D2EC19 /* symhacks.h */ = {isa = PBXFileReference; fileEncoding = 4; lastKnownFileType = sourcecode.c.h; path = symhacks.h; sourceTree = "<group>"; };
		0AF7CD751E8BC6CF00D2EC19 /* tls1.h */ = {isa = PBXFileReference; fileEncoding = 4; lastKnownFileType = sourcecode.c.h; path = tls1.h; sourceTree = "<group>"; };
		0AF7CD761E8BC6CF00D2EC19 /* ts.h */ = {isa = PBXFileReference; fileEncoding = 4; lastKnownFileType = sourcecode.c.h; path = ts.h; sourceTree = "<group>"; };
		0AF7CD771E8BC6CF00D2EC19 /* txt_db.h */ = {isa = PBXFileReference; fileEncoding = 4; lastKnownFileType = sourcecode.c.h; path = txt_db.h; sourceTree = "<group>"; };
		0AF7CD781E8BC6CF00D2EC19 /* ui.h */ = {isa = PBXFileReference; fileEncoding = 4; lastKnownFileType = sourcecode.c.h; path = ui.h; sourceTree = "<group>"; };
		0AF7CD791E8BC6CF00D2EC19 /* ui_compat.h */ = {isa = PBXFileReference; fileEncoding = 4; lastKnownFileType = sourcecode.c.h; path = ui_compat.h; sourceTree = "<group>"; };
		0AF7CD7A1E8BC6CF00D2EC19 /* whrlpool.h */ = {isa = PBXFileReference; fileEncoding = 4; lastKnownFileType = sourcecode.c.h; path = whrlpool.h; sourceTree = "<group>"; };
		0AF7CD7B1E8BC6CF00D2EC19 /* x509.h */ = {isa = PBXFileReference; fileEncoding = 4; lastKnownFileType = sourcecode.c.h; path = x509.h; sourceTree = "<group>"; };
		0AF7CD7C1E8BC6CF00D2EC19 /* x509_vfy.h */ = {isa = PBXFileReference; fileEncoding = 4; lastKnownFileType = sourcecode.c.h; path = x509_vfy.h; sourceTree = "<group>"; };
		0AF7CD7D1E8BC6CF00D2EC19 /* x509v3.h */ = {isa = PBXFileReference; fileEncoding = 4; lastKnownFileType = sourcecode.c.h; path = x509v3.h; sourceTree = "<group>"; };
		0AF91CE71E8B8579001E747F /* NHAlibabaCall.h */ = {isa = PBXFileReference; fileEncoding = 4; lastKnownFileType = sourcecode.c.h; path = NHAlibabaCall.h; sourceTree = "<group>"; };
		0AF91CE81E8B8579001E747F /* NHAlibabaCall.m */ = {isa = PBXFileReference; fileEncoding = 4; lastKnownFileType = sourcecode.c.objc; path = NHAlibabaCall.m; sourceTree = "<group>"; };
		0AF91D061E8BA952001E747F /* FTPopOverMenu.h */ = {isa = PBXFileReference; fileEncoding = 4; lastKnownFileType = sourcecode.c.h; path = FTPopOverMenu.h; sourceTree = "<group>"; };
		0AF91D071E8BA952001E747F /* FTPopOverMenu.m */ = {isa = PBXFileReference; fileEncoding = 4; lastKnownFileType = sourcecode.c.objc; path = FTPopOverMenu.m; sourceTree = "<group>"; };
/* End PBXFileReference section */

/* Begin PBXFrameworksBuildPhase section */
		0AD010F21E85FE92001D23E3 /* Frameworks */ = {
			isa = PBXFrameworksBuildPhase;
			buildActionMask = 2147483647;
			files = (
				0AF7CCD91E8BBF3B00D2EC19 /* Foundation.framework in Frameworks */,
				0AF7CCD71E8BBEFB00D2EC19 /* CoreMotion.framework in Frameworks */,
				0AF7CCD51E8BBEEA00D2EC19 /* libc++.tbd in Frameworks */,
				0AD011851E8608E4001D23E3 /* libiconv.tbd in Frameworks */,
				0AD011831E8608DA001D23E3 /* libstdc++.tbd in Frameworks */,
				0AD011811E8608D1001D23E3 /* libsqlite3.tbd in Frameworks */,
				0AD0117F1E8608C7001D23E3 /* libz.tbd in Frameworks */,
				0AD011A81E86151F001D23E3 /* FBSDKMessengerShareKit.framework in Frameworks */,
				0AF7CD301E8BC63F00D2EC19 /* libcrypto.a in Frameworks */,
				0AD011AD1E86151F001D23E3 /* TencentOpenAPI.framework in Frameworks */,
				0AD0117D1E8608C2001D23E3 /* libsqlite3.0.tbd in Frameworks */,
				0AD0117B1E8608BA001D23E3 /* Security.framework in Frameworks */,
				0AD011791E8608B3001D23E3 /* SystemConfiguration.framework in Frameworks */,
				0AD011771E8608AB001D23E3 /* CoreGraphics.framework in Frameworks */,
				0AD011751E8608A4001D23E3 /* CoreTelephony.framework in Frameworks */,
				0AD011AB1E86151F001D23E3 /* libWeiboSDK.a in Frameworks */,
				0AD011731E86089C001D23E3 /* CFNetwork.framework in Frameworks */,
				0AD011A61E86151F001D23E3 /* FBSDKCoreKit.framework in Frameworks */,
				0AF7CD311E8BC63F00D2EC19 /* libssl.a in Frameworks */,
				0AD011AF1E86151F001D23E3 /* libWeChatSDK.a in Frameworks */,
				0AD011711E860893001D23E3 /* QuartzCore.framework in Frameworks */,
				0AD0116F1E86088B001D23E3 /* ImageIO.framework in Frameworks */,
				0AF7CC851E8BBDCF00D2EC19 /* AlipaySDK.framework in Frameworks */,
				0AD011A91E86151F001D23E3 /* FBSDKShareKit.framework in Frameworks */,
				0AD0116D1E860884001D23E3 /* CoreText.framework in Frameworks */,
				0AD011A71E86151F001D23E3 /* FBSDKLoginKit.framework in Frameworks */,
				0AF7CC861E8BBDCF00D2EC19 /* libAPOpenSdk.a in Frameworks */,
				0AD011A51E86151F001D23E3 /* Bolts.framework in Frameworks */,
			);
			runOnlyForDeploymentPostprocessing = 0;
		};
/* End PBXFrameworksBuildPhase section */

/* Begin PBXGroup section */
		0AD010EC1E85FE92001D23E3 = {
			isa = PBXGroup;
			children = (
				0AD0110F1E85FEB5001D23E3 /* NHShareHelper */,
				0AD010F71E85FE92001D23E3 /* NHShareHelperDemo */,
				0AD010F61E85FE92001D23E3 /* Products */,
				0AD0116B1E860884001D23E3 /* Frameworks */,
			);
			sourceTree = "<group>";
		};
		0AD010F61E85FE92001D23E3 /* Products */ = {
			isa = PBXGroup;
			children = (
				0AD010F51E85FE92001D23E3 /* NHShareHelperDemo.app */,
			);
			name = Products;
			sourceTree = "<group>";
		};
		0AD010F71E85FE92001D23E3 /* NHShareHelperDemo */ = {
			isa = PBXGroup;
			children = (
				0AD0115C1E8606A8001D23E3 /* source */,
				0AD011531E8606A8001D23E3 /* class */,
				0AD010FB1E85FE92001D23E3 /* AppDelegate.h */,
				0AD010FC1E85FE92001D23E3 /* AppDelegate.m */,
				0AD011011E85FE92001D23E3 /* Main.storyboard */,
				0AD011041E85FE92001D23E3 /* Assets.xcassets */,
				0AD011061E85FE92001D23E3 /* LaunchScreen.storyboard */,
				0AD011091E85FE92001D23E3 /* Info.plist */,
				0AD010F81E85FE92001D23E3 /* Supporting Files */,
			);
			path = NHShareHelperDemo;
			sourceTree = "<group>";
		};
		0AD010F81E85FE92001D23E3 /* Supporting Files */ = {
			isa = PBXGroup;
			children = (
				0AD010F91E85FE92001D23E3 /* main.m */,
			);
			name = "Supporting Files";
			sourceTree = "<group>";
		};
		0AD0110F1E85FEB5001D23E3 /* NHShareHelper */ = {
			isa = PBXGroup;
			children = (
				0AF7CD321E8BC6CE00D2EC19 /* openssl */,
				0AF7CC691E8BBC9300D2EC19 /* Util */,
				0AD011161E85FEB5001D23E3 /* NHShareCallTool.h */,
				0AD011171E85FEB5001D23E3 /* NHShareCallTool.m */,
				0AD011B11E8619AC001D23E3 /* NHCall.h */,
				0AD011B21E8619AC001D23E3 /* NHCall.m */,
				0AD011141E85FEB5001D23E3 /* NHQQCall.h */,
				0AD011151E85FEB5001D23E3 /* NHQQCall.m */,
				0AD0111C1E85FEB5001D23E3 /* NHWechatCall.h */,
				0AD0111D1E85FEB5001D23E3 /* NHWechatCall.m */,
				0AD0111E1E85FEB5001D23E3 /* NHWeiBoCall.h */,
				0AD0111F1E85FEB5001D23E3 /* NHWeiBoCall.m */,
				0AF91CE71E8B8579001E747F /* NHAlibabaCall.h */,
				0AF91CE81E8B8579001E747F /* NHAlibabaCall.m */,
				0AF7CC661E8BBB3F00D2EC19 /* NHAliAuthV2info.h */,
				0AF7CC671E8BBB3F00D2EC19 /* NHAliAuthV2info.m */,
				0AD011121E85FEB5001D23E3 /* NHFacebookCall.h */,
				0AD011131E85FEB5001D23E3 /* NHFacebookCall.m */,
				0AD0111A1E85FEB5001D23E3 /* NHUserinfo.h */,
				0AD0111B1E85FEB5001D23E3 /* NHUserinfo.m */,
				0AD011191E85FEB5001D23E3 /* NHSingleton.h */,
				0A0B9B3A1E87D98100C99FD7 /* NHCallProtocol.h */,
				0AD011181E85FEB5001D23E3 /* NHShareConfiguration.h */,
				0AD011101E85FEB5001D23E3 /* NHApiRequestHelper.h */,
				0AD011111E85FEB5001D23E3 /* NHApiRequestHelper.m */,
				0AF91D061E8BA952001E747F /* FTPopOverMenu.h */,
				0AF91D071E8BA952001E747F /* FTPopOverMenu.m */,
				0AD011271E85FED3001D23E3 /* shareSDKs */,
			);
			path = NHShareHelper;
			sourceTree = "<group>";
		};
		0AD011271E85FED3001D23E3 /* shareSDKs */ = {
			isa = PBXGroup;
			children = (
				0AF7CC7A1E8BBDCF00D2EC19 /* AliSDK */,
				0AD011861E86151E001D23E3 /* FacebookSDKs */,
				0AD0118E1E86151F001D23E3 /* libWeiboSDK */,
				0AD0119C1E86151F001D23E3 /* TencentOpenApi */,
				0AD0119F1E86151F001D23E3 /* WeChatSDK */,
			);
			path = shareSDKs;
			sourceTree = "<group>";
		};
		0AD011531E8606A8001D23E3 /* class */ = {
			isa = PBXGroup;
			children = (
				0AD011681E86070D001D23E3 /* ViewController.h */,
				0AD011691E86070D001D23E3 /* ViewController.m */,
				0AD011541E8606A8001D23E3 /* NHReusableView.h */,
				0AD011551E8606A8001D23E3 /* NHReusableView.m */,
				0AD011561E8606A8001D23E3 /* NHReusableView.xib */,
				0AD011571E8606A8001D23E3 /* NHShareCell.h */,
				0AD011581E8606A8001D23E3 /* NHShareCell.m */,
				0AD011591E8606A8001D23E3 /* NHShareCell.xib */,
				0AD0115A1E8606A8001D23E3 /* NHShareModel.h */,
				0AD0115B1E8606A8001D23E3 /* NHShareModel.m */,
			);
			path = class;
			sourceTree = "<group>";
		};
		0AD0115C1E8606A8001D23E3 /* source */ = {
			isa = PBXGroup;
			children = (
				0AD0115D1E8606A8001D23E3 /* NHShareResources.bundle */,
				0AD0115E1E8606A8001D23E3 /* shareList.plist */,
				0AD0115F1E8606A8001D23E3 /* test.png */,
			);
			path = source;
			sourceTree = "<group>";
		};
		0AD0116B1E860884001D23E3 /* Frameworks */ = {
			isa = PBXGroup;
			children = (
				0AF7CCD41E8BBEEA00D2EC19 /* libc++.tbd */,
				0AD011841E8608E4001D23E3 /* libiconv.tbd */,
				0AD011821E8608DA001D23E3 /* libstdc++.tbd */,
				0AD011801E8608D1001D23E3 /* libsqlite3.tbd */,
				0AD0117E1E8608C7001D23E3 /* libz.tbd */,
				0AD0117C1E8608C2001D23E3 /* libsqlite3.0.tbd */,
				0AF7CCD81E8BBF3B00D2EC19 /* Foundation.framework */,
				0AF7CCD61E8BBEFB00D2EC19 /* CoreMotion.framework */,
				0AD0117A1E8608BA001D23E3 /* Security.framework */,
				0AD011781E8608B3001D23E3 /* SystemConfiguration.framework */,
				0AD011761E8608AB001D23E3 /* CoreGraphics.framework */,
				0AD011741E8608A4001D23E3 /* CoreTelephony.framework */,
				0AD011721E86089C001D23E3 /* CFNetwork.framework */,
				0AD011701E860893001D23E3 /* QuartzCore.framework */,
				0AD0116E1E86088B001D23E3 /* ImageIO.framework */,
				0AD0116C1E860884001D23E3 /* CoreText.framework */,
			);
			name = Frameworks;
			sourceTree = "<group>";
		};
		0AD011861E86151E001D23E3 /* FacebookSDKs */ = {
			isa = PBXGroup;
			children = (
				0AD011871E86151E001D23E3 /* 4.20.2 */,
				0AD011881E86151E001D23E3 /* Bolts.framework */,
				0AD011891E86151E001D23E3 /* FBSDKCoreKit.framework */,
				0AD0118A1E86151F001D23E3 /* FBSDKLoginKit.framework */,
				0AD0118B1E86151F001D23E3 /* FBSDKMessengerShareKit.framework */,
				0AD0118C1E86151F001D23E3 /* FBSDKShareKit.framework */,
				0AD0118D1E86151F001D23E3 /* README.txt */,
			);
			path = FacebookSDKs;
			sourceTree = "<group>";
		};
		0AD011871E86151E001D23E3 /* 4.20.2 */ = {
			isa = PBXGroup;
			children = (
			);
			path = 4.20.2;
			sourceTree = "<group>";
		};
		0AD0118E1E86151F001D23E3 /* libWeiboSDK */ = {
			isa = PBXGroup;
			children = (
				0AD0118F1E86151F001D23E3 /* libWeiboSDK.a */,
				0AD011901E86151F001D23E3 /* WBHttpRequest+WeiboGame.h */,
				0AD011911E86151F001D23E3 /* WBHttpRequest+WeiboShare.h */,
				0AD011921E86151F001D23E3 /* WBHttpRequest+WeiboToken.h */,
				0AD011931E86151F001D23E3 /* WBHttpRequest+WeiboUser.h */,
				0AD011941E86151F001D23E3 /* WBHttpRequest.h */,
				0AD011951E86151F001D23E3 /* WBSDKBasicButton.h */,
				0AD011961E86151F001D23E3 /* WBSDKCommentButton.h */,
				0AD011971E86151F001D23E3 /* WBSDKRelationshipButton.h */,
				0AD011981E86151F001D23E3 /* WeiboSDK+Statistics.h */,
				0AD011991E86151F001D23E3 /* WeiboSDK.bundle */,
				0AD0119A1E86151F001D23E3 /* WeiboSDK.h */,
				0AD0119B1E86151F001D23E3 /* WeiboUser.h */,
			);
			path = libWeiboSDK;
			sourceTree = "<group>";
		};
		0AD0119C1E86151F001D23E3 /* TencentOpenApi */ = {
			isa = PBXGroup;
			children = (
				0AD0119D1E86151F001D23E3 /* TencentOpenAPI.framework */,
				0AD0119E1E86151F001D23E3 /* TencentOpenApi_IOS_Bundle.bundle */,
			);
			path = TencentOpenApi;
			sourceTree = "<group>";
		};
		0AD0119F1E86151F001D23E3 /* WeChatSDK */ = {
			isa = PBXGroup;
			children = (
				0AD011A01E86151F001D23E3 /* libWeChatSDK.a */,
				0AD011A11E86151F001D23E3 /* README.txt */,
				0AD011A21E86151F001D23E3 /* WechatAuthSDK.h */,
				0AD011A31E86151F001D23E3 /* WXApi.h */,
				0AD011A41E86151F001D23E3 /* WXApiObject.h */,
			);
			path = WeChatSDK;
			sourceTree = "<group>";
		};
		0AF7CC691E8BBC9300D2EC19 /* Util */ = {
			isa = PBXGroup;
			children = (
				0AF7CC6A1E8BBC9300D2EC19 /* base64.h */,
				0AF7CC6B1E8BBC9300D2EC19 /* base64.m */,
				0AF7CC6C1E8BBC9300D2EC19 /* config.h */,
				0AF7CC6D1E8BBC9300D2EC19 /* NSDataEx.h */,
				0AF7CC6E1E8BBC9300D2EC19 /* NSDataEx.m */,
				0AF7CC6F1E8BBC9300D2EC19 /* openssl_wrapper.h */,
				0AF7CC701E8BBC9300D2EC19 /* openssl_wrapper.m */,
				0AF7CC711E8BBC9300D2EC19 /* RSADataSigner.h */,
				0AF7CC721E8BBC9300D2EC19 /* RSADataSigner.m */,
				0AF7CC731E8BBC9300D2EC19 /* RSADataVerifier.h */,
				0AF7CC741E8BBC9300D2EC19 /* RSADataVerifier.m */,
			);
			path = Util;
			sourceTree = "<group>";
		};
		0AF7CC7A1E8BBDCF00D2EC19 /* AliSDK */ = {
			isa = PBXGroup;
			children = (
				0AF7CC7B1E8BBDCF00D2EC19 /* AliPaySDK */,
				0AF7CC7E1E8BBDCF00D2EC19 /* APOpenSdk */,
			);
			path = AliSDK;
			sourceTree = "<group>";
		};
		0AF7CC7B1E8BBDCF00D2EC19 /* AliPaySDK */ = {
			isa = PBXGroup;
			children = (
				0AF7CD2E1E8BC63F00D2EC19 /* libcrypto.a */,
				0AF7CD2F1E8BC63F00D2EC19 /* libssl.a */,
				0AF7CC7C1E8BBDCF00D2EC19 /* AlipaySDK.bundle */,
				0AF7CC7D1E8BBDCF00D2EC19 /* AlipaySDK.framework */,
			);
			path = AliPaySDK;
			sourceTree = "<group>";
		};
		0AF7CC7E1E8BBDCF00D2EC19 /* APOpenSdk */ = {
			isa = PBXGroup;
			children = (
				0AF7CC7F1E8BBDCF00D2EC19 /* Headers */,
				0AF7CC821E8BBDCF00D2EC19 /* libAPOpenSdk.a */,
				0AF7CC831E8BBDCF00D2EC19 /* 更新历史.txt */,
			);
			path = APOpenSdk;
			sourceTree = "<group>";
		};
		0AF7CC7F1E8BBDCF00D2EC19 /* Headers */ = {
			isa = PBXGroup;
			children = (
				0AF7CC801E8BBDCF00D2EC19 /* APOpenAPI.h */,
				0AF7CC811E8BBDCF00D2EC19 /* APOpenAPIObject.h */,
			);
			path = Headers;
			sourceTree = "<group>";
		};
		0AF7CD321E8BC6CE00D2EC19 /* openssl */ = {
			isa = PBXGroup;
			children = (
				0AF7CD331E8BC6CE00D2EC19 /* aes.h */,
				0AF7CD341E8BC6CE00D2EC19 /* asn1.h */,
				0AF7CD351E8BC6CE00D2EC19 /* asn1_mac.h */,
				0AF7CD361E8BC6CE00D2EC19 /* asn1t.h */,
				0AF7CD371E8BC6CE00D2EC19 /* bio.h */,
				0AF7CD381E8BC6CE00D2EC19 /* blowfish.h */,
				0AF7CD391E8BC6CE00D2EC19 /* bn.h */,
				0AF7CD3A1E8BC6CE00D2EC19 /* buffer.h */,
				0AF7CD3B1E8BC6CE00D2EC19 /* camellia.h */,
				0AF7CD3C1E8BC6CE00D2EC19 /* cast.h */,
				0AF7CD3D1E8BC6CE00D2EC19 /* cmac.h */,
				0AF7CD3E1E8BC6CE00D2EC19 /* cms.h */,
				0AF7CD3F1E8BC6CE00D2EC19 /* comp.h */,
				0AF7CD401E8BC6CE00D2EC19 /* conf.h */,
				0AF7CD411E8BC6CE00D2EC19 /* conf_api.h */,
				0AF7CD421E8BC6CE00D2EC19 /* crypto.h */,
				0AF7CD431E8BC6CE00D2EC19 /* des.h */,
				0AF7CD441E8BC6CE00D2EC19 /* des_old.h */,
				0AF7CD451E8BC6CE00D2EC19 /* dh.h */,
				0AF7CD461E8BC6CE00D2EC19 /* dsa.h */,
				0AF7CD471E8BC6CE00D2EC19 /* dso.h */,
				0AF7CD481E8BC6CE00D2EC19 /* dtls1.h */,
				0AF7CD491E8BC6CE00D2EC19 /* e_os2.h */,
				0AF7CD4A1E8BC6CE00D2EC19 /* ebcdic.h */,
				0AF7CD4B1E8BC6CE00D2EC19 /* ec.h */,
				0AF7CD4C1E8BC6CE00D2EC19 /* ecdh.h */,
				0AF7CD4D1E8BC6CE00D2EC19 /* ecdsa.h */,
				0AF7CD4E1E8BC6CE00D2EC19 /* engine.h */,
				0AF7CD4F1E8BC6CE00D2EC19 /* err.h */,
				0AF7CD501E8BC6CE00D2EC19 /* evp.h */,
				0AF7CD511E8BC6CE00D2EC19 /* hmac.h */,
				0AF7CD521E8BC6CE00D2EC19 /* idea.h */,
				0AF7CD531E8BC6CE00D2EC19 /* krb5_asn.h */,
				0AF7CD541E8BC6CE00D2EC19 /* kssl.h */,
				0AF7CD551E8BC6CE00D2EC19 /* lhash.h */,
				0AF7CD561E8BC6CE00D2EC19 /* md4.h */,
				0AF7CD571E8BC6CE00D2EC19 /* md5.h */,
				0AF7CD581E8BC6CE00D2EC19 /* mdc2.h */,
				0AF7CD591E8BC6CE00D2EC19 /* modes.h */,
				0AF7CD5A1E8BC6CF00D2EC19 /* obj_mac.h */,
				0AF7CD5B1E8BC6CF00D2EC19 /* objects.h */,
				0AF7CD5C1E8BC6CF00D2EC19 /* ocsp.h */,
				0AF7CD5D1E8BC6CF00D2EC19 /* opensslconf.h */,
				0AF7CD5E1E8BC6CF00D2EC19 /* opensslv.h */,
				0AF7CD5F1E8BC6CF00D2EC19 /* ossl_typ.h */,
				0AF7CD601E8BC6CF00D2EC19 /* pem.h */,
				0AF7CD611E8BC6CF00D2EC19 /* pem2.h */,
				0AF7CD621E8BC6CF00D2EC19 /* pkcs12.h */,
				0AF7CD631E8BC6CF00D2EC19 /* pkcs7.h */,
				0AF7CD641E8BC6CF00D2EC19 /* pqueue.h */,
				0AF7CD651E8BC6CF00D2EC19 /* rand.h */,
				0AF7CD661E8BC6CF00D2EC19 /* rc2.h */,
				0AF7CD671E8BC6CF00D2EC19 /* rc4.h */,
				0AF7CD681E8BC6CF00D2EC19 /* ripemd.h */,
				0AF7CD691E8BC6CF00D2EC19 /* rsa.h */,
				0AF7CD6A1E8BC6CF00D2EC19 /* safestack.h */,
				0AF7CD6B1E8BC6CF00D2EC19 /* seed.h */,
				0AF7CD6C1E8BC6CF00D2EC19 /* sha.h */,
				0AF7CD6D1E8BC6CF00D2EC19 /* srp.h */,
				0AF7CD6E1E8BC6CF00D2EC19 /* srtp.h */,
				0AF7CD6F1E8BC6CF00D2EC19 /* ssl.h */,
				0AF7CD701E8BC6CF00D2EC19 /* ssl2.h */,
				0AF7CD711E8BC6CF00D2EC19 /* ssl23.h */,
				0AF7CD721E8BC6CF00D2EC19 /* ssl3.h */,
				0AF7CD731E8BC6CF00D2EC19 /* stack.h */,
				0AF7CD741E8BC6CF00D2EC19 /* symhacks.h */,
				0AF7CD751E8BC6CF00D2EC19 /* tls1.h */,
				0AF7CD761E8BC6CF00D2EC19 /* ts.h */,
				0AF7CD771E8BC6CF00D2EC19 /* txt_db.h */,
				0AF7CD781E8BC6CF00D2EC19 /* ui.h */,
				0AF7CD791E8BC6CF00D2EC19 /* ui_compat.h */,
				0AF7CD7A1E8BC6CF00D2EC19 /* whrlpool.h */,
				0AF7CD7B1E8BC6CF00D2EC19 /* x509.h */,
				0AF7CD7C1E8BC6CF00D2EC19 /* x509_vfy.h */,
				0AF7CD7D1E8BC6CF00D2EC19 /* x509v3.h */,
			);
			path = openssl;
			sourceTree = "<group>";
		};
/* End PBXGroup section */

/* Begin PBXNativeTarget section */
		0AD010F41E85FE92001D23E3 /* NHShareHelperDemo */ = {
			isa = PBXNativeTarget;
			buildConfigurationList = 0AD0110C1E85FE92001D23E3 /* Build configuration list for PBXNativeTarget "NHShareHelperDemo" */;
			buildPhases = (
				0AD010F11E85FE92001D23E3 /* Sources */,
				0AD010F21E85FE92001D23E3 /* Frameworks */,
				0AD010F31E85FE92001D23E3 /* Resources */,
			);
			buildRules = (
			);
			dependencies = (
			);
			name = NHShareHelperDemo;
			productName = NHShareHelperDemo;
			productReference = 0AD010F51E85FE92001D23E3 /* NHShareHelperDemo.app */;
			productType = "com.apple.product-type.application";
		};
/* End PBXNativeTarget section */

/* Begin PBXProject section */
		0AD010ED1E85FE92001D23E3 /* Project object */ = {
			isa = PBXProject;
			attributes = {
				CLASSPREFIX = NH;
				LastUpgradeCheck = 0820;
				ORGANIZATIONNAME = NegHao;
				TargetAttributes = {
					0AD010F41E85FE92001D23E3 = {
						CreatedOnToolsVersion = 8.2.1;
						DevelopmentTeam = 69U78V53ZN;
						ProvisioningStyle = Automatic;
					};
				};
			};
			buildConfigurationList = 0AD010F01E85FE92001D23E3 /* Build configuration list for PBXProject "NHShareHelperDemo" */;
			compatibilityVersion = "Xcode 3.2";
			developmentRegion = English;
			hasScannedForEncodings = 0;
			knownRegions = (
				en,
				Base,
			);
			mainGroup = 0AD010EC1E85FE92001D23E3;
			productRefGroup = 0AD010F61E85FE92001D23E3 /* Products */;
			projectDirPath = "";
			projectRoot = "";
			targets = (
				0AD010F41E85FE92001D23E3 /* NHShareHelperDemo */,
			);
		};
/* End PBXProject section */

/* Begin PBXResourcesBuildPhase section */
		0AD010F31E85FE92001D23E3 /* Resources */ = {
			isa = PBXResourcesBuildPhase;
			buildActionMask = 2147483647;
			files = (
				0AD011631E8606A8001D23E3 /* NHShareCell.xib in Resources */,
				0AD011AA1E86151F001D23E3 /* README.txt in Resources */,
				0AD011081E85FE92001D23E3 /* LaunchScreen.storyboard in Resources */,
				0AF7CC841E8BBDCF00D2EC19 /* AlipaySDK.bundle in Resources */,
				0AD011051E85FE92001D23E3 /* Assets.xcassets in Resources */,
				0AD011661E8606A8001D23E3 /* shareList.plist in Resources */,
				0AD011651E8606A8001D23E3 /* NHShareResources.bundle in Resources */,
				0AD011031E85FE92001D23E3 /* Main.storyboard in Resources */,
				0AF7CC871E8BBDCF00D2EC19 /* 更新历史.txt in Resources */,
				0AD011AE1E86151F001D23E3 /* TencentOpenApi_IOS_Bundle.bundle in Resources */,
				0AD011AC1E86151F001D23E3 /* WeiboSDK.bundle in Resources */,
				0AD011611E8606A8001D23E3 /* NHReusableView.xib in Resources */,
				0AD011B01E86151F001D23E3 /* README.txt in Resources */,
				0AD011671E8606A8001D23E3 /* test.png in Resources */,
			);
			runOnlyForDeploymentPostprocessing = 0;
		};
/* End PBXResourcesBuildPhase section */

/* Begin PBXSourcesBuildPhase section */
		0AD010F11E85FE92001D23E3 /* Sources */ = {
			isa = PBXSourcesBuildPhase;
			buildActionMask = 2147483647;
			files = (
				0AF7CC761E8BBC9300D2EC19 /* NSDataEx.m in Sources */,
				0AD011241E85FEB5001D23E3 /* NHUserinfo.m in Sources */,
				0AF7CC681E8BBB3F00D2EC19 /* NHAliAuthV2info.m in Sources */,
				0AF91CE91E8B8579001E747F /* NHAlibabaCall.m in Sources */,
				0AD011621E8606A8001D23E3 /* NHShareCell.m in Sources */,
				0AF7CC781E8BBC9300D2EC19 /* RSADataSigner.m in Sources */,
				0AD011201E85FEB5001D23E3 /* NHApiRequestHelper.m in Sources */,
				0AF7CC791E8BBC9300D2EC19 /* RSADataVerifier.m in Sources */,
				0AF91D081E8BA952001E747F /* FTPopOverMenu.m in Sources */,
				0AD011261E85FEB5001D23E3 /* NHWeiBoCall.m in Sources */,
				0AD011251E85FEB5001D23E3 /* NHWechatCall.m in Sources */,
				0AD010FD1E85FE92001D23E3 /* AppDelegate.m in Sources */,
				0AF7CC771E8BBC9300D2EC19 /* openssl_wrapper.m in Sources */,
				0AD0116A1E86070D001D23E3 /* ViewController.m in Sources */,
				0AF7CC751E8BBC9300D2EC19 /* base64.m in Sources */,
				0AD011B31E8619AC001D23E3 /* NHCall.m in Sources */,
				0AD011231E85FEB5001D23E3 /* NHShareCallTool.m in Sources */,
				0AD011221E85FEB5001D23E3 /* NHQQCall.m in Sources */,
				0AD011601E8606A8001D23E3 /* NHReusableView.m in Sources */,
				0AD011211E85FEB5001D23E3 /* NHFacebookCall.m in Sources */,
				0AD011641E8606A8001D23E3 /* NHShareModel.m in Sources */,
				0AD010FA1E85FE92001D23E3 /* main.m in Sources */,
			);
			runOnlyForDeploymentPostprocessing = 0;
		};
/* End PBXSourcesBuildPhase section */

/* Begin PBXVariantGroup section */
		0AD011011E85FE92001D23E3 /* Main.storyboard */ = {
			isa = PBXVariantGroup;
			children = (
				0AD011021E85FE92001D23E3 /* Base */,
			);
			name = Main.storyboard;
			sourceTree = "<group>";
		};
		0AD011061E85FE92001D23E3 /* LaunchScreen.storyboard */ = {
			isa = PBXVariantGroup;
			children = (
				0AD011071E85FE92001D23E3 /* Base */,
			);
			name = LaunchScreen.storyboard;
			sourceTree = "<group>";
		};
/* End PBXVariantGroup section */

/* Begin XCBuildConfiguration section */
		0AD0110A1E85FE92001D23E3 /* Debug */ = {
			isa = XCBuildConfiguration;
			buildSettings = {
				ALWAYS_SEARCH_USER_PATHS = NO;
				CLANG_ANALYZER_NONNULL = YES;
				CLANG_CXX_LANGUAGE_STANDARD = "gnu++0x";
				CLANG_CXX_LIBRARY = "libc++";
				CLANG_ENABLE_MODULES = YES;
				CLANG_ENABLE_OBJC_ARC = YES;
				CLANG_WARN_BOOL_CONVERSION = YES;
				CLANG_WARN_CONSTANT_CONVERSION = YES;
				CLANG_WARN_DIRECT_OBJC_ISA_USAGE = YES_ERROR;
				CLANG_WARN_DOCUMENTATION_COMMENTS = YES;
				CLANG_WARN_EMPTY_BODY = YES;
				CLANG_WARN_ENUM_CONVERSION = YES;
				CLANG_WARN_INFINITE_RECURSION = YES;
				CLANG_WARN_INT_CONVERSION = YES;
				CLANG_WARN_OBJC_ROOT_CLASS = YES_ERROR;
				CLANG_WARN_SUSPICIOUS_MOVE = YES;
				CLANG_WARN_UNREACHABLE_CODE = YES;
				CLANG_WARN__DUPLICATE_METHOD_MATCH = YES;
				"CODE_SIGN_IDENTITY[sdk=iphoneos*]" = "iPhone Developer";
				COPY_PHASE_STRIP = NO;
				DEBUG_INFORMATION_FORMAT = dwarf;
				ENABLE_STRICT_OBJC_MSGSEND = YES;
				ENABLE_TESTABILITY = YES;
				GCC_C_LANGUAGE_STANDARD = gnu99;
				GCC_DYNAMIC_NO_PIC = NO;
				GCC_NO_COMMON_BLOCKS = YES;
				GCC_OPTIMIZATION_LEVEL = 0;
				GCC_PREPROCESSOR_DEFINITIONS = (
					"DEBUG=1",
					"$(inherited)",
				);
				GCC_WARN_64_TO_32_BIT_CONVERSION = YES;
				GCC_WARN_ABOUT_RETURN_TYPE = YES_ERROR;
				GCC_WARN_UNDECLARED_SELECTOR = YES;
				GCC_WARN_UNINITIALIZED_AUTOS = YES_AGGRESSIVE;
				GCC_WARN_UNUSED_FUNCTION = YES;
				GCC_WARN_UNUSED_VARIABLE = YES;
				IPHONEOS_DEPLOYMENT_TARGET = 10.2;
				MTL_ENABLE_DEBUG_INFO = YES;
				ONLY_ACTIVE_ARCH = YES;
				SDKROOT = iphoneos;
				TARGETED_DEVICE_FAMILY = "1,2";
			};
			name = Debug;
		};
		0AD0110B1E85FE92001D23E3 /* Release */ = {
			isa = XCBuildConfiguration;
			buildSettings = {
				ALWAYS_SEARCH_USER_PATHS = NO;
				CLANG_ANALYZER_NONNULL = YES;
				CLANG_CXX_LANGUAGE_STANDARD = "gnu++0x";
				CLANG_CXX_LIBRARY = "libc++";
				CLANG_ENABLE_MODULES = YES;
				CLANG_ENABLE_OBJC_ARC = YES;
				CLANG_WARN_BOOL_CONVERSION = YES;
				CLANG_WARN_CONSTANT_CONVERSION = YES;
				CLANG_WARN_DIRECT_OBJC_ISA_USAGE = YES_ERROR;
				CLANG_WARN_DOCUMENTATION_COMMENTS = YES;
				CLANG_WARN_EMPTY_BODY = YES;
				CLANG_WARN_ENUM_CONVERSION = YES;
				CLANG_WARN_INFINITE_RECURSION = YES;
				CLANG_WARN_INT_CONVERSION = YES;
				CLANG_WARN_OBJC_ROOT_CLASS = YES_ERROR;
				CLANG_WARN_SUSPICIOUS_MOVE = YES;
				CLANG_WARN_UNREACHABLE_CODE = YES;
				CLANG_WARN__DUPLICATE_METHOD_MATCH = YES;
				"CODE_SIGN_IDENTITY[sdk=iphoneos*]" = "iPhone Developer";
				COPY_PHASE_STRIP = NO;
				DEBUG_INFORMATION_FORMAT = "dwarf-with-dsym";
				ENABLE_NS_ASSERTIONS = NO;
				ENABLE_STRICT_OBJC_MSGSEND = YES;
				GCC_C_LANGUAGE_STANDARD = gnu99;
				GCC_NO_COMMON_BLOCKS = YES;
				GCC_WARN_64_TO_32_BIT_CONVERSION = YES;
				GCC_WARN_ABOUT_RETURN_TYPE = YES_ERROR;
				GCC_WARN_UNDECLARED_SELECTOR = YES;
				GCC_WARN_UNINITIALIZED_AUTOS = YES_AGGRESSIVE;
				GCC_WARN_UNUSED_FUNCTION = YES;
				GCC_WARN_UNUSED_VARIABLE = YES;
				IPHONEOS_DEPLOYMENT_TARGET = 10.2;
				MTL_ENABLE_DEBUG_INFO = NO;
				SDKROOT = iphoneos;
				TARGETED_DEVICE_FAMILY = "1,2";
				VALIDATE_PRODUCT = YES;
			};
			name = Release;
		};
		0AD0110D1E85FE92001D23E3 /* Debug */ = {
			isa = XCBuildConfiguration;
			buildSettings = {
				ASSETCATALOG_COMPILER_APPICON_NAME = AppIcon;
				DEVELOPMENT_TEAM = 69U78V53ZN;
				ENABLE_STRICT_OBJC_MSGSEND = NO;
				FRAMEWORK_SEARCH_PATHS = (
					"$(inherited)",
					"$(PROJECT_DIR)/NHShareHelper/shareSDKs/FacebookSDKs",
					"$(PROJECT_DIR)/NHShareHelper/shareSDKs/TencentOpenApi",
					"$(PROJECT_DIR)/NHShareHelper/shareSDKs/AliSDK/AliPaySDK",
				);
				HEADER_SEARCH_PATHS = (
					/Applications/Xcode.app/Contents/Developer/Toolchains/XcodeDefault.xctoolchain/usr/include,
					"$(SRCROOT)/NHShareHelper",
				);
				INFOPLIST_FILE = NHShareHelperDemo/Info.plist;
				IPHONEOS_DEPLOYMENT_TARGET = 7.0;
				LD_RUNPATH_SEARCH_PATHS = "$(inherited) @executable_path/Frameworks";
				LIBRARY_SEARCH_PATHS = (
					"$(inherited)",
					"$(PROJECT_DIR)/NHShareHelper/shareSDKs/libWeiboSDK",
					"$(PROJECT_DIR)/NHShareHelper/shareSDKs/WeChatSDK",
					"$(PROJECT_DIR)/NHShareHelper/shareSDKs/AliSDK/APOpenSdk",
					"$(PROJECT_DIR)/NHShareHelper/shareSDKs/AliSDK/AliPaySDK",
					"$(PROJECT_DIR)",
					"$(SRCROOT)",
				);
				OTHER_LDFLAGS = (
					"-fobjc-arc",
					"-Objc",
					"-all_load",
				);
				PRODUCT_BUNDLE_IDENTIFIER = com.neghao.share;
				PRODUCT_NAME = "$(TARGET_NAME)";
			};
			name = Debug;
		};
		0AD0110E1E85FE92001D23E3 /* Release */ = {
			isa = XCBuildConfiguration;
			buildSettings = {
				ASSETCATALOG_COMPILER_APPICON_NAME = AppIcon;
				DEVELOPMENT_TEAM = 69U78V53ZN;
				ENABLE_STRICT_OBJC_MSGSEND = NO;
				FRAMEWORK_SEARCH_PATHS = (
					"$(inherited)",
					"$(PROJECT_DIR)/NHShareHelper/shareSDKs/FacebookSDKs",
					"$(PROJECT_DIR)/NHShareHelper/shareSDKs/TencentOpenApi",
					"$(PROJECT_DIR)/NHShareHelper/shareSDKs/AliSDK/AliPaySDK",
				);
				HEADER_SEARCH_PATHS = (
					/Applications/Xcode.app/Contents/Developer/Toolchains/XcodeDefault.xctoolchain/usr/include,
					"$(SRCROOT)/NHShareHelper",
				);
				INFOPLIST_FILE = NHShareHelperDemo/Info.plist;
				IPHONEOS_DEPLOYMENT_TARGET = 7.0;
				LD_RUNPATH_SEARCH_PATHS = "$(inherited) @executable_path/Frameworks";
				LIBRARY_SEARCH_PATHS = (
					"$(inherited)",
					"$(PROJECT_DIR)/NHShareHelper/shareSDKs/libWeiboSDK",
					"$(PROJECT_DIR)/NHShareHelper/shareSDKs/WeChatSDK",
					"$(PROJECT_DIR)/NHShareHelper/shareSDKs/AliSDK/APOpenSdk",
					"$(PROJECT_DIR)/NHShareHelper/shareSDKs/AliSDK/AliPaySDK",
					"$(PROJECT_DIR)",
					"$(SRCROOT)",
				);
				OTHER_LDFLAGS = (
					"-fobjc-arc",
					"-Objc",
					"-all_load",
				);
				PRODUCT_BUNDLE_IDENTIFIER = com.neghao.share;
				PRODUCT_NAME = "$(TARGET_NAME)";
			};
			name = Release;
		};
/* End XCBuildConfiguration section */

/* Begin XCConfigurationList section */
		0AD010F01E85FE92001D23E3 /* Build configuration list for PBXProject "NHShareHelperDemo" */ = {
			isa = XCConfigurationList;
			buildConfigurations = (
				0AD0110A1E85FE92001D23E3 /* Debug */,
				0AD0110B1E85FE92001D23E3 /* Release */,
			);
			defaultConfigurationIsVisible = 0;
			defaultConfigurationName = Release;
		};
		0AD0110C1E85FE92001D23E3 /* Build configuration list for PBXNativeTarget "NHShareHelperDemo" */ = {
			isa = XCConfigurationList;
			buildConfigurations = (
				0AD0110D1E85FE92001D23E3 /* Debug */,
				0AD0110E1E85FE92001D23E3 /* Release */,
			);
			defaultConfigurationIsVisible = 0;
			defaultConfigurationName = Release;
		};
/* End XCConfigurationList section */
	};
	rootObject = 0AD010ED1E85FE92001D23E3 /* Project object */;
}
