// !$*UTF8*$!
{
	archiveVersion = 1;
	classes = {
	};
	objectVersion = 48;
	objects = {

/* Begin PBXBuildFile section */
		0A26E7341F9E369300C520E5 /* AppDelegate.m in Sources */ = {isa = PBXBuildFile; fileRef = 0A26E7331F9E369300C520E5 /* AppDelegate.m */; };
		0A26E73A1F9E369300C520E5 /* Main.storyboard in Resources */ = {isa = PBXBuildFile; fileRef = 0A26E7381F9E369300C520E5 /* Main.storyboard */; };
		0A26E73C1F9E369300C520E5 /* Assets.xcassets in Resources */ = {isa = PBXBuildFile; fileRef = 0A26E73B1F9E369300C520E5 /* Assets.xcassets */; };
		0A26E73F1F9E369300C520E5 /* LaunchScreen.storyboard in Resources */ = {isa = PBXBuildFile; fileRef = 0A26E73D1F9E369300C520E5 /* LaunchScreen.storyboard */; };
		0A26E7421F9E369300C520E5 /* main.m in Sources */ = {isa = PBXBuildFile; fileRef = 0A26E7411F9E369300C520E5 /* main.m */; };
		0A26E74C1F9E369300C520E5 /* NHShareHelperDemoTests.m in Sources */ = {isa = PBXBuildFile; fileRef = 0A26E74B1F9E369300C520E5 /* NHShareHelperDemoTests.m */; };
		0A26E7571F9E369300C520E5 /* NHShareHelperDemoUITests.m in Sources */ = {isa = PBXBuildFile; fileRef = 0A26E7561F9E369300C520E5 /* NHShareHelperDemoUITests.m */; };
		0A26E7731F9E36CE00C520E5 /* NHReusableView.m in Sources */ = {isa = PBXBuildFile; fileRef = 0A26E7661F9E36CE00C520E5 /* NHReusableView.m */; };
		0A26E7741F9E36CE00C520E5 /* NHReusableView.xib in Resources */ = {isa = PBXBuildFile; fileRef = 0A26E7671F9E36CE00C520E5 /* NHReusableView.xib */; };
		0A26E7751F9E36CE00C520E5 /* NHShareCell.m in Sources */ = {isa = PBXBuildFile; fileRef = 0A26E7691F9E36CE00C520E5 /* NHShareCell.m */; };
		0A26E7761F9E36CE00C520E5 /* NHShareCell.xib in Resources */ = {isa = PBXBuildFile; fileRef = 0A26E76A1F9E36CE00C520E5 /* NHShareCell.xib */; };
		0A26E7771F9E36CE00C520E5 /* NHShareModel.m in Sources */ = {isa = PBXBuildFile; fileRef = 0A26E76C1F9E36CE00C520E5 /* NHShareModel.m */; };
		0A26E7791F9E36CE00C520E5 /* NHShareResources.bundle in Resources */ = {isa = PBXBuildFile; fileRef = 0A26E7701F9E36CE00C520E5 /* NHShareResources.bundle */; };
		0A26E77A1F9E36CE00C520E5 /* shareList.plist in Resources */ = {isa = PBXBuildFile; fileRef = 0A26E7711F9E36CE00C520E5 /* shareList.plist */; };
		0A26E77B1F9E36CE00C520E5 /* test.png in Resources */ = {isa = PBXBuildFile; fileRef = 0A26E7721F9E36CE00C520E5 /* test.png */; };
		0A59A79A1FEAA69700BF10F9 /* libz.tbd in Frameworks */ = {isa = PBXBuildFile; fileRef = 0A59A7991FEAA69700BF10F9 /* libz.tbd */; };
		0A59A79C1FEAA6A400BF10F9 /* libsqlite3.tbd in Frameworks */ = {isa = PBXBuildFile; fileRef = 0A59A79B1FEAA6A400BF10F9 /* libsqlite3.tbd */; };
		0A59A79E1FEAA6AE00BF10F9 /* libiconv.tbd in Frameworks */ = {isa = PBXBuildFile; fileRef = 0A59A79D1FEAA6AE00BF10F9 /* libiconv.tbd */; };
		0A59A7A01FEAA6B700BF10F9 /* libstdc++.tbd in Frameworks */ = {isa = PBXBuildFile; fileRef = 0A59A79F1FEAA6B700BF10F9 /* libstdc++.tbd */; };
		0A59A7A61FEAA94600BF10F9 /* Photos.framework in Frameworks */ = {isa = PBXBuildFile; fileRef = 0A59A7A51FEAA94600BF10F9 /* Photos.framework */; };
		0A59A7A81FEAA94C00BF10F9 /* ImageIO.framework in Frameworks */ = {isa = PBXBuildFile; fileRef = 0A59A7A71FEAA94C00BF10F9 /* ImageIO.framework */; };
		0A59A7AA1FEAA95100BF10F9 /* SystemConfiguration.framework in Frameworks */ = {isa = PBXBuildFile; fileRef = 0A59A7A91FEAA95100BF10F9 /* SystemConfiguration.framework */; };
		0A59A7AC1FEAA95700BF10F9 /* CoreText.framework in Frameworks */ = {isa = PBXBuildFile; fileRef = 0A59A7AB1FEAA95700BF10F9 /* CoreText.framework */; };
		0A59A7AE1FEAA95F00BF10F9 /* QuartzCore.framework in Frameworks */ = {isa = PBXBuildFile; fileRef = 0A59A7AD1FEAA95F00BF10F9 /* QuartzCore.framework */; };
		0A59A7B01FEAA96900BF10F9 /* Security.framework in Frameworks */ = {isa = PBXBuildFile; fileRef = 0A59A7AF1FEAA96900BF10F9 /* Security.framework */; };
		0A59A7B21FEAA97500BF10F9 /* CoreGraphics.framework in Frameworks */ = {isa = PBXBuildFile; fileRef = 0A59A7B11FEAA97500BF10F9 /* CoreGraphics.framework */; };
		0A59A7B41FEAA97D00BF10F9 /* CoreTelephony.framework in Frameworks */ = {isa = PBXBuildFile; fileRef = 0A59A7B31FEAA97D00BF10F9 /* CoreTelephony.framework */; };
		0AA242011FCD968C0087445D /* MainViewController.m in Sources */ = {isa = PBXBuildFile; fileRef = 0AA241FF1FCD968C0087445D /* MainViewController.m */; };
		CB926E1024AD517679C5820C /* libPods-NHShareHelperDemo.a in Frameworks */ = {isa = PBXBuildFile; fileRef = 3518379D02213C540B3451D3 /* libPods-NHShareHelperDemo.a */; };
/* End PBXBuildFile section */

/* Begin PBXContainerItemProxy section */
		0A26E7481F9E369300C520E5 /* PBXContainerItemProxy */ = {
			isa = PBXContainerItemProxy;
			containerPortal = 0A26E7271F9E369300C520E5 /* Project object */;
			proxyType = 1;
			remoteGlobalIDString = 0A26E72E1F9E369300C520E5;
			remoteInfo = NHShareHelperDemo;
		};
		0A26E7531F9E369300C520E5 /* PBXContainerItemProxy */ = {
			isa = PBXContainerItemProxy;
			containerPortal = 0A26E7271F9E369300C520E5 /* Project object */;
			proxyType = 1;
			remoteGlobalIDString = 0A26E72E1F9E369300C520E5;
			remoteInfo = NHShareHelperDemo;
		};
/* End PBXContainerItemProxy section */

/* Begin PBXCopyFilesBuildPhase section */
		0A59A7A31FEAA85900BF10F9 /* CopyFiles */ = {
			isa = PBXCopyFilesBuildPhase;
			buildActionMask = 2147483647;
			dstPath = "";
			dstSubfolderSpec = 7;
			files = (
			);
			runOnlyForDeploymentPostprocessing = 0;
		};
/* End PBXCopyFilesBuildPhase section */

/* Begin PBXFileReference section */
		0A26E72F1F9E369300C520E5 /* NHShareHelperDemo.app */ = {isa = PBXFileReference; explicitFileType = wrapper.application; includeInIndex = 0; path = NHShareHelperDemo.app; sourceTree = BUILT_PRODUCTS_DIR; };
		0A26E7321F9E369300C520E5 /* AppDelegate.h */ = {isa = PBXFileReference; lastKnownFileType = sourcecode.c.h; path = AppDelegate.h; sourceTree = "<group>"; };
		0A26E7331F9E369300C520E5 /* AppDelegate.m */ = {isa = PBXFileReference; lastKnownFileType = sourcecode.c.objc; path = AppDelegate.m; sourceTree = "<group>"; };
		0A26E7391F9E369300C520E5 /* Base */ = {isa = PBXFileReference; lastKnownFileType = file.storyboard; name = Base; path = Base.lproj/Main.storyboard; sourceTree = "<group>"; };
		0A26E73B1F9E369300C520E5 /* Assets.xcassets */ = {isa = PBXFileReference; lastKnownFileType = folder.assetcatalog; path = Assets.xcassets; sourceTree = "<group>"; };
		0A26E73E1F9E369300C520E5 /* Base */ = {isa = PBXFileReference; lastKnownFileType = file.storyboard; name = Base; path = Base.lproj/LaunchScreen.storyboard; sourceTree = "<group>"; };
		0A26E7401F9E369300C520E5 /* Info.plist */ = {isa = PBXFileReference; lastKnownFileType = text.plist.xml; path = Info.plist; sourceTree = "<group>"; };
		0A26E7411F9E369300C520E5 /* main.m */ = {isa = PBXFileReference; lastKnownFileType = sourcecode.c.objc; path = main.m; sourceTree = "<group>"; };
		0A26E7471F9E369300C520E5 /* NHShareHelperDemoTests.xctest */ = {isa = PBXFileReference; explicitFileType = wrapper.cfbundle; includeInIndex = 0; path = NHShareHelperDemoTests.xctest; sourceTree = BUILT_PRODUCTS_DIR; };
		0A26E74B1F9E369300C520E5 /* NHShareHelperDemoTests.m */ = {isa = PBXFileReference; lastKnownFileType = sourcecode.c.objc; path = NHShareHelperDemoTests.m; sourceTree = "<group>"; };
		0A26E74D1F9E369300C520E5 /* Info.plist */ = {isa = PBXFileReference; lastKnownFileType = text.plist.xml; path = Info.plist; sourceTree = "<group>"; };
		0A26E7521F9E369300C520E5 /* NHShareHelperDemoUITests.xctest */ = {isa = PBXFileReference; explicitFileType = wrapper.cfbundle; includeInIndex = 0; path = NHShareHelperDemoUITests.xctest; sourceTree = BUILT_PRODUCTS_DIR; };
		0A26E7561F9E369300C520E5 /* NHShareHelperDemoUITests.m */ = {isa = PBXFileReference; lastKnownFileType = sourcecode.c.objc; path = NHShareHelperDemoUITests.m; sourceTree = "<group>"; };
		0A26E7581F9E369300C520E5 /* Info.plist */ = {isa = PBXFileReference; lastKnownFileType = text.plist.xml; path = Info.plist; sourceTree = "<group>"; };
		0A26E7651F9E36CE00C520E5 /* NHReusableView.h */ = {isa = PBXFileReference; fileEncoding = 4; lastKnownFileType = sourcecode.c.h; path = NHReusableView.h; sourceTree = "<group>"; };
		0A26E7661F9E36CE00C520E5 /* NHReusableView.m */ = {isa = PBXFileReference; fileEncoding = 4; lastKnownFileType = sourcecode.c.objc; path = NHReusableView.m; sourceTree = "<group>"; };
		0A26E7671F9E36CE00C520E5 /* NHReusableView.xib */ = {isa = PBXFileReference; fileEncoding = 4; lastKnownFileType = file.xib; path = NHReusableView.xib; sourceTree = "<group>"; };
		0A26E7681F9E36CE00C520E5 /* NHShareCell.h */ = {isa = PBXFileReference; fileEncoding = 4; lastKnownFileType = sourcecode.c.h; path = NHShareCell.h; sourceTree = "<group>"; };
		0A26E7691F9E36CE00C520E5 /* NHShareCell.m */ = {isa = PBXFileReference; fileEncoding = 4; lastKnownFileType = sourcecode.c.objc; path = NHShareCell.m; sourceTree = "<group>"; };
		0A26E76A1F9E36CE00C520E5 /* NHShareCell.xib */ = {isa = PBXFileReference; fileEncoding = 4; lastKnownFileType = file.xib; path = NHShareCell.xib; sourceTree = "<group>"; };
		0A26E76B1F9E36CE00C520E5 /* NHShareModel.h */ = {isa = PBXFileReference; fileEncoding = 4; lastKnownFileType = sourcecode.c.h; path = NHShareModel.h; sourceTree = "<group>"; };
		0A26E76C1F9E36CE00C520E5 /* NHShareModel.m */ = {isa = PBXFileReference; fileEncoding = 4; lastKnownFileType = sourcecode.c.objc; path = NHShareModel.m; sourceTree = "<group>"; };
		0A26E7701F9E36CE00C520E5 /* NHShareResources.bundle */ = {isa = PBXFileReference; lastKnownFileType = "wrapper.plug-in"; path = NHShareResources.bundle; sourceTree = "<group>"; };
		0A26E7711F9E36CE00C520E5 /* shareList.plist */ = {isa = PBXFileReference; fileEncoding = 4; lastKnownFileType = text.plist.xml; path = shareList.plist; sourceTree = "<group>"; };
		0A26E7721F9E36CE00C520E5 /* test.png */ = {isa = PBXFileReference; lastKnownFileType = image.png; path = test.png; sourceTree = "<group>"; };
		0A59A7991FEAA69700BF10F9 /* libz.tbd */ = {isa = PBXFileReference; lastKnownFileType = "sourcecode.text-based-dylib-definition"; name = libz.tbd; path = usr/lib/libz.tbd; sourceTree = SDKROOT; };
		0A59A79B1FEAA6A400BF10F9 /* libsqlite3.tbd */ = {isa = PBXFileReference; lastKnownFileType = "sourcecode.text-based-dylib-definition"; name = libsqlite3.tbd; path = usr/lib/libsqlite3.tbd; sourceTree = SDKROOT; };
		0A59A79D1FEAA6AE00BF10F9 /* libiconv.tbd */ = {isa = PBXFileReference; lastKnownFileType = "sourcecode.text-based-dylib-definition"; name = libiconv.tbd; path = usr/lib/libiconv.tbd; sourceTree = SDKROOT; };
		0A59A79F1FEAA6B700BF10F9 /* libstdc++.tbd */ = {isa = PBXFileReference; lastKnownFileType = "sourcecode.text-based-dylib-definition"; name = "libstdc++.tbd"; path = "usr/lib/libstdc++.tbd"; sourceTree = SDKROOT; };
		0A59A7A51FEAA94600BF10F9 /* Photos.framework */ = {isa = PBXFileReference; lastKnownFileType = wrapper.framework; name = Photos.framework; path = System/Library/Frameworks/Photos.framework; sourceTree = SDKROOT; };
		0A59A7A71FEAA94C00BF10F9 /* ImageIO.framework */ = {isa = PBXFileReference; lastKnownFileType = wrapper.framework; name = ImageIO.framework; path = System/Library/Frameworks/ImageIO.framework; sourceTree = SDKROOT; };
		0A59A7A91FEAA95100BF10F9 /* SystemConfiguration.framework */ = {isa = PBXFileReference; lastKnownFileType = wrapper.framework; name = SystemConfiguration.framework; path = System/Library/Frameworks/SystemConfiguration.framework; sourceTree = SDKROOT; };
		0A59A7AB1FEAA95700BF10F9 /* CoreText.framework */ = {isa = PBXFileReference; lastKnownFileType = wrapper.framework; name = CoreText.framework; path = System/Library/Frameworks/CoreText.framework; sourceTree = SDKROOT; };
		0A59A7AD1FEAA95F00BF10F9 /* QuartzCore.framework */ = {isa = PBXFileReference; lastKnownFileType = wrapper.framework; name = QuartzCore.framework; path = System/Library/Frameworks/QuartzCore.framework; sourceTree = SDKROOT; };
		0A59A7AF1FEAA96900BF10F9 /* Security.framework */ = {isa = PBXFileReference; lastKnownFileType = wrapper.framework; name = Security.framework; path = System/Library/Frameworks/Security.framework; sourceTree = SDKROOT; };
		0A59A7B11FEAA97500BF10F9 /* CoreGraphics.framework */ = {isa = PBXFileReference; lastKnownFileType = wrapper.framework; name = CoreGraphics.framework; path = System/Library/Frameworks/CoreGraphics.framework; sourceTree = SDKROOT; };
		0A59A7B31FEAA97D00BF10F9 /* CoreTelephony.framework */ = {isa = PBXFileReference; lastKnownFileType = wrapper.framework; name = CoreTelephony.framework; path = System/Library/Frameworks/CoreTelephony.framework; sourceTree = SDKROOT; };
		0AA241FE1FCD968C0087445D /* MainViewController.h */ = {isa = PBXFileReference; lastKnownFileType = sourcecode.c.h; path = MainViewController.h; sourceTree = "<group>"; };
		0AA241FF1FCD968C0087445D /* MainViewController.m */ = {isa = PBXFileReference; lastKnownFileType = sourcecode.c.objc; path = MainViewController.m; sourceTree = "<group>"; };
		3518379D02213C540B3451D3 /* libPods-NHShareHelperDemo.a */ = {isa = PBXFileReference; explicitFileType = archive.ar; includeInIndex = 0; path = "libPods-NHShareHelperDemo.a"; sourceTree = BUILT_PRODUCTS_DIR; };
		47C14826F6B1535895F9BF8C /* Pods-NHShareHelperDemo.release.xcconfig */ = {isa = PBXFileReference; includeInIndex = 1; lastKnownFileType = text.xcconfig; name = "Pods-NHShareHelperDemo.release.xcconfig"; path = "Pods/Target Support Files/Pods-NHShareHelperDemo/Pods-NHShareHelperDemo.release.xcconfig"; sourceTree = "<group>"; };
		D037FB58CFCE7F474B9EA888 /* Pods-NHShareHelperDemo.debug.xcconfig */ = {isa = PBXFileReference; includeInIndex = 1; lastKnownFileType = text.xcconfig; name = "Pods-NHShareHelperDemo.debug.xcconfig"; path = "Pods/Target Support Files/Pods-NHShareHelperDemo/Pods-NHShareHelperDemo.debug.xcconfig"; sourceTree = "<group>"; };
/* End PBXFileReference section */

/* Begin PBXFrameworksBuildPhase section */
		0A26E72C1F9E369300C520E5 /* Frameworks */ = {
			isa = PBXFrameworksBuildPhase;
			buildActionMask = 2147483647;
			files = (
				0A59A7B01FEAA96900BF10F9 /* Security.framework in Frameworks */,
				0A59A7B41FEAA97D00BF10F9 /* CoreTelephony.framework in Frameworks */,
				0A59A7B21FEAA97500BF10F9 /* CoreGraphics.framework in Frameworks */,
				0A59A7AE1FEAA95F00BF10F9 /* QuartzCore.framework in Frameworks */,
				0A59A7AC1FEAA95700BF10F9 /* CoreText.framework in Frameworks */,
				0A59A7AA1FEAA95100BF10F9 /* SystemConfiguration.framework in Frameworks */,
				0A59A7A81FEAA94C00BF10F9 /* ImageIO.framework in Frameworks */,
				0A59A7A61FEAA94600BF10F9 /* Photos.framework in Frameworks */,
				0A59A7A01FEAA6B700BF10F9 /* libstdc++.tbd in Frameworks */,
				0A59A79E1FEAA6AE00BF10F9 /* libiconv.tbd in Frameworks */,
				0A59A79C1FEAA6A400BF10F9 /* libsqlite3.tbd in Frameworks */,
				0A59A79A1FEAA69700BF10F9 /* libz.tbd in Frameworks */,
				CB926E1024AD517679C5820C /* libPods-NHShareHelperDemo.a in Frameworks */,
			);
			runOnlyForDeploymentPostprocessing = 0;
		};
		0A26E7441F9E369300C520E5 /* Frameworks */ = {
			isa = PBXFrameworksBuildPhase;
			buildActionMask = 2147483647;
			files = (
			);
			runOnlyForDeploymentPostprocessing = 0;
		};
		0A26E74F1F9E369300C520E5 /* Frameworks */ = {
			isa = PBXFrameworksBuildPhase;
			buildActionMask = 2147483647;
			files = (
			);
			runOnlyForDeploymentPostprocessing = 0;
		};
/* End PBXFrameworksBuildPhase section */

/* Begin PBXGroup section */
		023E772A80992A66136A101B /* Pods */ = {
			isa = PBXGroup;
			children = (
				D037FB58CFCE7F474B9EA888 /* Pods-NHShareHelperDemo.debug.xcconfig */,
				47C14826F6B1535895F9BF8C /* Pods-NHShareHelperDemo.release.xcconfig */,
			);
			name = Pods;
			sourceTree = "<group>";
		};
		0A26E7261F9E369300C520E5 = {
			isa = PBXGroup;
			children = (
				0A26E7311F9E369300C520E5 /* NHShareHelperDemo */,
				0A26E74A1F9E369300C520E5 /* NHShareHelperDemoTests */,
				0A26E7551F9E369300C520E5 /* NHShareHelperDemoUITests */,
				0A26E7301F9E369300C520E5 /* Products */,
				023E772A80992A66136A101B /* Pods */,
				578FE56CE72495F611807612 /* Frameworks */,
			);
			sourceTree = "<group>";
		};
		0A26E7301F9E369300C520E5 /* Products */ = {
			isa = PBXGroup;
			children = (
				0A26E72F1F9E369300C520E5 /* NHShareHelperDemo.app */,
				0A26E7471F9E369300C520E5 /* NHShareHelperDemoTests.xctest */,
				0A26E7521F9E369300C520E5 /* NHShareHelperDemoUITests.xctest */,
			);
			name = Products;
			sourceTree = "<group>";
		};
		0A26E7311F9E369300C520E5 /* NHShareHelperDemo */ = {
			isa = PBXGroup;
			children = (
				0A26E76F1F9E36CE00C520E5 /* Source */,
				0A26E7641F9E36CE00C520E5 /* Class */,
				0A26E7321F9E369300C520E5 /* AppDelegate.h */,
				0A26E7331F9E369300C520E5 /* AppDelegate.m */,
				0A26E7381F9E369300C520E5 /* Main.storyboard */,
				0A26E73B1F9E369300C520E5 /* Assets.xcassets */,
				0A26E73D1F9E369300C520E5 /* LaunchScreen.storyboard */,
				0A26E7401F9E369300C520E5 /* Info.plist */,
				0A26E7411F9E369300C520E5 /* main.m */,
			);
			path = NHShareHelperDemo;
			sourceTree = "<group>";
		};
		0A26E74A1F9E369300C520E5 /* NHShareHelperDemoTests */ = {
			isa = PBXGroup;
			children = (
				0A26E74B1F9E369300C520E5 /* NHShareHelperDemoTests.m */,
				0A26E74D1F9E369300C520E5 /* Info.plist */,
			);
			path = NHShareHelperDemoTests;
			sourceTree = "<group>";
		};
		0A26E7551F9E369300C520E5 /* NHShareHelperDemoUITests */ = {
			isa = PBXGroup;
			children = (
				0A26E7561F9E369300C520E5 /* NHShareHelperDemoUITests.m */,
				0A26E7581F9E369300C520E5 /* Info.plist */,
			);
			path = NHShareHelperDemoUITests;
			sourceTree = "<group>";
		};
		0A26E7641F9E36CE00C520E5 /* Class */ = {
			isa = PBXGroup;
			children = (
				0A26E7651F9E36CE00C520E5 /* NHReusableView.h */,
				0A26E7661F9E36CE00C520E5 /* NHReusableView.m */,
				0A26E7671F9E36CE00C520E5 /* NHReusableView.xib */,
				0A26E7681F9E36CE00C520E5 /* NHShareCell.h */,
				0A26E7691F9E36CE00C520E5 /* NHShareCell.m */,
				0A26E76A1F9E36CE00C520E5 /* NHShareCell.xib */,
				0A26E76B1F9E36CE00C520E5 /* NHShareModel.h */,
				0A26E76C1F9E36CE00C520E5 /* NHShareModel.m */,
				0AA241FE1FCD968C0087445D /* MainViewController.h */,
				0AA241FF1FCD968C0087445D /* MainViewController.m */,
			);
			path = Class;
			sourceTree = "<group>";
		};
		0A26E76F1F9E36CE00C520E5 /* Source */ = {
			isa = PBXGroup;
			children = (
				0A26E7701F9E36CE00C520E5 /* NHShareResources.bundle */,
				0A26E7711F9E36CE00C520E5 /* shareList.plist */,
				0A26E7721F9E36CE00C520E5 /* test.png */,
			);
			path = Source;
			sourceTree = "<group>";
		};
		578FE56CE72495F611807612 /* Frameworks */ = {
			isa = PBXGroup;
			children = (
				0A59A7B31FEAA97D00BF10F9 /* CoreTelephony.framework */,
				0A59A7B11FEAA97500BF10F9 /* CoreGraphics.framework */,
				0A59A7AF1FEAA96900BF10F9 /* Security.framework */,
				0A59A7AD1FEAA95F00BF10F9 /* QuartzCore.framework */,
				0A59A7AB1FEAA95700BF10F9 /* CoreText.framework */,
				0A59A7A91FEAA95100BF10F9 /* SystemConfiguration.framework */,
				0A59A7A71FEAA94C00BF10F9 /* ImageIO.framework */,
				0A59A7A51FEAA94600BF10F9 /* Photos.framework */,
				0A59A79F1FEAA6B700BF10F9 /* libstdc++.tbd */,
				0A59A79D1FEAA6AE00BF10F9 /* libiconv.tbd */,
				0A59A79B1FEAA6A400BF10F9 /* libsqlite3.tbd */,
				0A59A7991FEAA69700BF10F9 /* libz.tbd */,
				3518379D02213C540B3451D3 /* libPods-NHShareHelperDemo.a */,
			);
			name = Frameworks;
			sourceTree = "<group>";
		};
/* End PBXGroup section */

/* Begin PBXNativeTarget section */
		0A26E72E1F9E369300C520E5 /* NHShareHelperDemo */ = {
			isa = PBXNativeTarget;
			buildConfigurationList = 0A26E75B1F9E369300C520E5 /* Build configuration list for PBXNativeTarget "NHShareHelperDemo" */;
			buildPhases = (
				457AC1BA3ABB368D8AB91156 /* [CP] Check Pods Manifest.lock */,
				0A26E72B1F9E369300C520E5 /* Sources */,
				0A26E72C1F9E369300C520E5 /* Frameworks */,
				0A26E72D1F9E369300C520E5 /* Resources */,
				8EA9026529EAEEB723BC2E8F /* [CP] Embed Pods Frameworks */,
				9614E4DD6BA3133D2693C4A6 /* [CP] Copy Pods Resources */,
				0A59A7A31FEAA85900BF10F9 /* CopyFiles */,
			);
			buildRules = (
			);
			dependencies = (
			);
			name = NHShareHelperDemo;
			productName = NHShareHelperDemo;
			productReference = 0A26E72F1F9E369300C520E5 /* NHShareHelperDemo.app */;
			productType = "com.apple.product-type.application";
		};
		0A26E7461F9E369300C520E5 /* NHShareHelperDemoTests */ = {
			isa = PBXNativeTarget;
			buildConfigurationList = 0A26E75E1F9E369300C520E5 /* Build configuration list for PBXNativeTarget "NHShareHelperDemoTests" */;
			buildPhases = (
				0A26E7431F9E369300C520E5 /* Sources */,
				0A26E7441F9E369300C520E5 /* Frameworks */,
				0A26E7451F9E369300C520E5 /* Resources */,
			);
			buildRules = (
			);
			dependencies = (
				0A26E7491F9E369300C520E5 /* PBXTargetDependency */,
			);
			name = NHShareHelperDemoTests;
			productName = NHShareHelperDemoTests;
			productReference = 0A26E7471F9E369300C520E5 /* NHShareHelperDemoTests.xctest */;
			productType = "com.apple.product-type.bundle.unit-test";
		};
		0A26E7511F9E369300C520E5 /* NHShareHelperDemoUITests */ = {
			isa = PBXNativeTarget;
			buildConfigurationList = 0A26E7611F9E369300C520E5 /* Build configuration list for PBXNativeTarget "NHShareHelperDemoUITests" */;
			buildPhases = (
				0A26E74E1F9E369300C520E5 /* Sources */,
				0A26E74F1F9E369300C520E5 /* Frameworks */,
				0A26E7501F9E369300C520E5 /* Resources */,
			);
			buildRules = (
			);
			dependencies = (
				0A26E7541F9E369300C520E5 /* PBXTargetDependency */,
			);
			name = NHShareHelperDemoUITests;
			productName = NHShareHelperDemoUITests;
			productReference = 0A26E7521F9E369300C520E5 /* NHShareHelperDemoUITests.xctest */;
			productType = "com.apple.product-type.bundle.ui-testing";
		};
/* End PBXNativeTarget section */

/* Begin PBXProject section */
		0A26E7271F9E369300C520E5 /* Project object */ = {
			isa = PBXProject;
			attributes = {
				LastUpgradeCheck = 0900;
				ORGANIZATIONNAME = neghao;
				TargetAttributes = {
					0A26E72E1F9E369300C520E5 = {
						CreatedOnToolsVersion = 9.0;
						ProvisioningStyle = Automatic;
					};
					0A26E7461F9E369300C520E5 = {
						CreatedOnToolsVersion = 9.0;
						ProvisioningStyle = Automatic;
						TestTargetID = 0A26E72E1F9E369300C520E5;
					};
					0A26E7511F9E369300C520E5 = {
						CreatedOnToolsVersion = 9.0;
						ProvisioningStyle = Automatic;
						TestTargetID = 0A26E72E1F9E369300C520E5;
					};
				};
			};
			buildConfigurationList = 0A26E72A1F9E369300C520E5 /* Build configuration list for PBXProject "NHShareHelperDemo" */;
			compatibilityVersion = "Xcode 8.0";
			developmentRegion = en;
			hasScannedForEncodings = 0;
			knownRegions = (
				en,
				Base,
			);
			mainGroup = 0A26E7261F9E369300C520E5;
			productRefGroup = 0A26E7301F9E369300C520E5 /* Products */;
			projectDirPath = "";
			projectRoot = "";
			targets = (
				0A26E72E1F9E369300C520E5 /* NHShareHelperDemo */,
				0A26E7461F9E369300C520E5 /* NHShareHelperDemoTests */,
				0A26E7511F9E369300C520E5 /* NHShareHelperDemoUITests */,
			);
		};
/* End PBXProject section */

/* Begin PBXResourcesBuildPhase section */
		0A26E72D1F9E369300C520E5 /* Resources */ = {
			isa = PBXResourcesBuildPhase;
			buildActionMask = 2147483647;
			files = (
				0A26E73F1F9E369300C520E5 /* LaunchScreen.storyboard in Resources */,
				0A26E77A1F9E36CE00C520E5 /* shareList.plist in Resources */,
				0A26E73C1F9E369300C520E5 /* Assets.xcassets in Resources */,
				0A26E77B1F9E36CE00C520E5 /* test.png in Resources */,
				0A26E73A1F9E369300C520E5 /* Main.storyboard in Resources */,
				0A26E7741F9E36CE00C520E5 /* NHReusableView.xib in Resources */,
				0A26E7761F9E36CE00C520E5 /* NHShareCell.xib in Resources */,
				0A26E7791F9E36CE00C520E5 /* NHShareResources.bundle in Resources */,
			);
			runOnlyForDeploymentPostprocessing = 0;
		};
		0A26E7451F9E369300C520E5 /* Resources */ = {
			isa = PBXResourcesBuildPhase;
			buildActionMask = 2147483647;
			files = (
			);
			runOnlyForDeploymentPostprocessing = 0;
		};
		0A26E7501F9E369300C520E5 /* Resources */ = {
			isa = PBXResourcesBuildPhase;
			buildActionMask = 2147483647;
			files = (
			);
			runOnlyForDeploymentPostprocessing = 0;
		};
/* End PBXResourcesBuildPhase section */

/* Begin PBXShellScriptBuildPhase section */
		457AC1BA3ABB368D8AB91156 /* [CP] Check Pods Manifest.lock */ = {
			isa = PBXShellScriptBuildPhase;
			buildActionMask = 2147483647;
			files = (
			);
			inputPaths = (
				"${PODS_PODFILE_DIR_PATH}/Podfile.lock",
				"${PODS_ROOT}/Manifest.lock",
			);
			name = "[CP] Check Pods Manifest.lock";
			outputPaths = (
				"$(DERIVED_FILE_DIR)/Pods-NHShareHelperDemo-checkManifestLockResult.txt",
			);
			runOnlyForDeploymentPostprocessing = 0;
			shellPath = /bin/sh;
			shellScript = "diff \"${PODS_PODFILE_DIR_PATH}/Podfile.lock\" \"${PODS_ROOT}/Manifest.lock\" > /dev/null\nif [ $? != 0 ] ; then\n    # print error to STDERR\n    echo \"error: The sandbox is not in sync with the Podfile.lock. Run 'pod install' or update your CocoaPods installation.\" >&2\n    exit 1\nfi\n# This output is used by Xcode 'outputs' to avoid re-running this script phase.\necho \"SUCCESS\" > \"${SCRIPT_OUTPUT_FILE_0}\"\n";
			showEnvVarsInLog = 0;
		};
		8EA9026529EAEEB723BC2E8F /* [CP] Embed Pods Frameworks */ = {
			isa = PBXShellScriptBuildPhase;
			buildActionMask = 2147483647;
			files = (
			);
			inputPaths = (
			);
			name = "[CP] Embed Pods Frameworks";
			outputPaths = (
			);
			runOnlyForDeploymentPostprocessing = 0;
			shellPath = /bin/sh;
			shellScript = "\"${SRCROOT}/Pods/Target Support Files/Pods-NHShareHelperDemo/Pods-NHShareHelperDemo-frameworks.sh\"\n";
			showEnvVarsInLog = 0;
		};
		9614E4DD6BA3133D2693C4A6 /* [CP] Copy Pods Resources */ = {
			isa = PBXShellScriptBuildPhase;
			buildActionMask = 2147483647;
			files = (
			);
			inputPaths = (
				"${SRCROOT}/Pods/Target Support Files/Pods-NHShareHelperDemo/Pods-NHShareHelperDemo-resources.sh",
				"${PODS_ROOT}/../../NHShareHelper/QQ/TencentOpenApi/TencentOpenApi_IOS_Bundle.bundle",
				"${PODS_ROOT}/../../NHShareHelper/WeiBo/WeiboSDK/WeiboSDK.bundle",
			);
			name = "[CP] Copy Pods Resources";
			outputPaths = (
				"${TARGET_BUILD_DIR}/${UNLOCALIZED_RESOURCES_FOLDER_PATH}",
			);
			runOnlyForDeploymentPostprocessing = 0;
			shellPath = /bin/sh;
			shellScript = "\"${SRCROOT}/Pods/Target Support Files/Pods-NHShareHelperDemo/Pods-NHShareHelperDemo-resources.sh\"\n";
			showEnvVarsInLog = 0;
		};
/* End PBXShellScriptBuildPhase section */

/* Begin PBXSourcesBuildPhase section */
		0A26E72B1F9E369300C520E5 /* Sources */ = {
			isa = PBXSourcesBuildPhase;
			buildActionMask = 2147483647;
			files = (
				0A26E7771F9E36CE00C520E5 /* NHShareModel.m in Sources */,
				0A26E7731F9E36CE00C520E5 /* NHReusableView.m in Sources */,
				0A26E7751F9E36CE00C520E5 /* NHShareCell.m in Sources */,
				0AA242011FCD968C0087445D /* MainViewController.m in Sources */,
				0A26E7421F9E369300C520E5 /* main.m in Sources */,
				0A26E7341F9E369300C520E5 /* AppDelegate.m in Sources */,
			);
			runOnlyForDeploymentPostprocessing = 0;
		};
		0A26E7431F9E369300C520E5 /* Sources */ = {
			isa = PBXSourcesBuildPhase;
			buildActionMask = 2147483647;
			files = (
				0A26E74C1F9E369300C520E5 /* NHShareHelperDemoTests.m in Sources */,
			);
			runOnlyForDeploymentPostprocessing = 0;
		};
		0A26E74E1F9E369300C520E5 /* Sources */ = {
			isa = PBXSourcesBuildPhase;
			buildActionMask = 2147483647;
			files = (
				0A26E7571F9E369300C520E5 /* NHShareHelperDemoUITests.m in Sources */,
			);
			runOnlyForDeploymentPostprocessing = 0;
		};
/* End PBXSourcesBuildPhase section */

/* Begin PBXTargetDependency section */
		0A26E7491F9E369300C520E5 /* PBXTargetDependency */ = {
			isa = PBXTargetDependency;
			target = 0A26E72E1F9E369300C520E5 /* NHShareHelperDemo */;
			targetProxy = 0A26E7481F9E369300C520E5 /* PBXContainerItemProxy */;
		};
		0A26E7541F9E369300C520E5 /* PBXTargetDependency */ = {
			isa = PBXTargetDependency;
			target = 0A26E72E1F9E369300C520E5 /* NHShareHelperDemo */;
			targetProxy = 0A26E7531F9E369300C520E5 /* PBXContainerItemProxy */;
		};
/* End PBXTargetDependency section */

/* Begin PBXVariantGroup section */
		0A26E7381F9E369300C520E5 /* Main.storyboard */ = {
			isa = PBXVariantGroup;
			children = (
				0A26E7391F9E369300C520E5 /* Base */,
			);
			name = Main.storyboard;
			sourceTree = "<group>";
		};
		0A26E73D1F9E369300C520E5 /* LaunchScreen.storyboard */ = {
			isa = PBXVariantGroup;
			children = (
				0A26E73E1F9E369300C520E5 /* Base */,
			);
			name = LaunchScreen.storyboard;
			sourceTree = "<group>";
		};
/* End PBXVariantGroup section */

/* Begin XCBuildConfiguration section */
		0A26E7591F9E369300C520E5 /* Debug */ = {
			isa = XCBuildConfiguration;
			buildSettings = {
				ALWAYS_SEARCH_USER_PATHS = NO;
				CLANG_ANALYZER_NONNULL = YES;
				CLANG_ANALYZER_NUMBER_OBJECT_CONVERSION = YES_AGGRESSIVE;
				CLANG_CXX_LANGUAGE_STANDARD = "gnu++14";
				CLANG_CXX_LIBRARY = "libc++";
				CLANG_ENABLE_MODULES = YES;
				CLANG_ENABLE_OBJC_ARC = YES;
				CLANG_WARN_BLOCK_CAPTURE_AUTORELEASING = YES;
				CLANG_WARN_BOOL_CONVERSION = YES;
				CLANG_WARN_COMMA = YES;
				CLANG_WARN_CONSTANT_CONVERSION = YES;
				CLANG_WARN_DIRECT_OBJC_ISA_USAGE = YES_ERROR;
				CLANG_WARN_DOCUMENTATION_COMMENTS = YES;
				CLANG_WARN_EMPTY_BODY = YES;
				CLANG_WARN_ENUM_CONVERSION = YES;
				CLANG_WARN_INFINITE_RECURSION = YES;
				CLANG_WARN_INT_CONVERSION = YES;
				CLANG_WARN_NON_LITERAL_NULL_CONVERSION = YES;
				CLANG_WARN_OBJC_LITERAL_CONVERSION = YES;
				CLANG_WARN_OBJC_ROOT_CLASS = YES_ERROR;
				CLANG_WARN_RANGE_LOOP_ANALYSIS = YES;
				CLANG_WARN_STRICT_PROTOTYPES = YES;
				CLANG_WARN_SUSPICIOUS_MOVE = YES;
				CLANG_WARN_UNGUARDED_AVAILABILITY = YES_AGGRESSIVE;
				CLANG_WARN_UNREACHABLE_CODE = YES;
				CLANG_WARN__DUPLICATE_METHOD_MATCH = YES;
				CODE_SIGN_IDENTITY = "iPhone Developer";
				COPY_PHASE_STRIP = NO;
				DEBUG_INFORMATION_FORMAT = dwarf;
				ENABLE_STRICT_OBJC_MSGSEND = YES;
				ENABLE_TESTABILITY = YES;
				GCC_C_LANGUAGE_STANDARD = gnu11;
				GCC_DYNAMIC_NO_PIC = NO;
				GCC_NO_COMMON_BLOCKS = YES;
				GCC_OPTIMIZATION_LEVEL = 0;
				GCC_PREPROCESSOR_DEFINITIONS = (
					"DEBUG=1",
					"$(inherited)",
				);
				GCC_WARN_64_TO_32_BIT_CONVERSION = YES;
				GCC_WARN_ABOUT_RETURN_TYPE = YES_ERROR;
				GCC_WARN_UNDECLARED_SELECTOR = YES;
				GCC_WARN_UNINITIALIZED_AUTOS = YES_AGGRESSIVE;
				GCC_WARN_UNUSED_FUNCTION = YES;
				GCC_WARN_UNUSED_VARIABLE = YES;
				IPHONEOS_DEPLOYMENT_TARGET = 11.0;
				MTL_ENABLE_DEBUG_INFO = YES;
				ONLY_ACTIVE_ARCH = YES;
				SDKROOT = iphoneos;
			};
			name = Debug;
		};
		0A26E75A1F9E369300C520E5 /* Release */ = {
			isa = XCBuildConfiguration;
			buildSettings = {
				ALWAYS_SEARCH_USER_PATHS = NO;
				CLANG_ANALYZER_NONNULL = YES;
				CLANG_ANALYZER_NUMBER_OBJECT_CONVERSION = YES_AGGRESSIVE;
				CLANG_CXX_LANGUAGE_STANDARD = "gnu++14";
				CLANG_CXX_LIBRARY = "libc++";
				CLANG_ENABLE_MODULES = YES;
				CLANG_ENABLE_OBJC_ARC = YES;
				CLANG_WARN_BLOCK_CAPTURE_AUTORELEASING = YES;
				CLANG_WARN_BOOL_CONVERSION = YES;
				CLANG_WARN_COMMA = YES;
				CLANG_WARN_CONSTANT_CONVERSION = YES;
				CLANG_WARN_DIRECT_OBJC_ISA_USAGE = YES_ERROR;
				CLANG_WARN_DOCUMENTATION_COMMENTS = YES;
				CLANG_WARN_EMPTY_BODY = YES;
				CLANG_WARN_ENUM_CONVERSION = YES;
				CLANG_WARN_INFINITE_RECURSION = YES;
				CLANG_WARN_INT_CONVERSION = YES;
				CLANG_WARN_NON_LITERAL_NULL_CONVERSION = YES;
				CLANG_WARN_OBJC_LITERAL_CONVERSION = YES;
				CLANG_WARN_OBJC_ROOT_CLASS = YES_ERROR;
				CLANG_WARN_RANGE_LOOP_ANALYSIS = YES;
				CLANG_WARN_STRICT_PROTOTYPES = YES;
				CLANG_WARN_SUSPICIOUS_MOVE = YES;
				CLANG_WARN_UNGUARDED_AVAILABILITY = YES_AGGRESSIVE;
				CLANG_WARN_UNREACHABLE_CODE = YES;
				CLANG_WARN__DUPLICATE_METHOD_MATCH = YES;
				CODE_SIGN_IDENTITY = "iPhone Developer";
				COPY_PHASE_STRIP = NO;
				DEBUG_INFORMATION_FORMAT = "dwarf-with-dsym";
				ENABLE_NS_ASSERTIONS = NO;
				ENABLE_STRICT_OBJC_MSGSEND = YES;
				GCC_C_LANGUAGE_STANDARD = gnu11;
				GCC_NO_COMMON_BLOCKS = YES;
				GCC_WARN_64_TO_32_BIT_CONVERSION = YES;
				GCC_WARN_ABOUT_RETURN_TYPE = YES_ERROR;
				GCC_WARN_UNDECLARED_SELECTOR = YES;
				GCC_WARN_UNINITIALIZED_AUTOS = YES_AGGRESSIVE;
				GCC_WARN_UNUSED_FUNCTION = YES;
				GCC_WARN_UNUSED_VARIABLE = YES;
				IPHONEOS_DEPLOYMENT_TARGET = 11.0;
				MTL_ENABLE_DEBUG_INFO = NO;
				SDKROOT = iphoneos;
				VALIDATE_PRODUCT = YES;
			};
			name = Release;
		};
		0A26E75C1F9E369300C520E5 /* Debug */ = {
			isa = XCBuildConfiguration;
			baseConfigurationReference = D037FB58CFCE7F474B9EA888 /* Pods-NHShareHelperDemo.debug.xcconfig */;
			buildSettings = {
				ASSETCATALOG_COMPILER_APPICON_NAME = AppIcon;
				CLANG_ENABLE_OBJC_WEAK = NO;
				CODE_SIGN_STYLE = Automatic;
				DEVELOPMENT_TEAM = 69U78V53ZN;
				ENABLE_STRICT_OBJC_MSGSEND = NO;
				FRAMEWORK_SEARCH_PATHS = "\"$(SRCROOT)/../NHShareHelper/QQ/TencentOpenApi\"";
				INFOPLIST_FILE = NHShareHelperDemo/Info.plist;
				IPHONEOS_DEPLOYMENT_TARGET = 8.0;
				LD_RUNPATH_SEARCH_PATHS = "$(inherited) @executable_path/Frameworks";
				LIBRARY_SEARCH_PATHS = "\"$(SRCROOT)/../NHShareHelper/WeiBo/WeiboSDK\"";
				OTHER_LDFLAGS = (
					"$(inherited)",
					"-all_load",
				);
				PRODUCT_BUNDLE_IDENTIFIER = com.facebac.BaiKeTwinkleStar;
				PRODUCT_NAME = "$(TARGET_NAME)";
				TARGETED_DEVICE_FAMILY = "1,2";
			};
			name = Debug;
		};
		0A26E75D1F9E369300C520E5 /* Release */ = {
			isa = XCBuildConfiguration;
			baseConfigurationReference = 47C14826F6B1535895F9BF8C /* Pods-NHShareHelperDemo.release.xcconfig */;
			buildSettings = {
				ASSETCATALOG_COMPILER_APPICON_NAME = AppIcon;
				CLANG_ENABLE_OBJC_WEAK = NO;
				CODE_SIGN_STYLE = Automatic;
				DEVELOPMENT_TEAM = 69U78V53ZN;
				ENABLE_STRICT_OBJC_MSGSEND = NO;
				FRAMEWORK_SEARCH_PATHS = "\"$(SRCROOT)/../NHShareHelper/QQ/TencentOpenApi\"";
				INFOPLIST_FILE = NHShareHelperDemo/Info.plist;
				IPHONEOS_DEPLOYMENT_TARGET = 8.0;
				LD_RUNPATH_SEARCH_PATHS = "$(inherited) @executable_path/Frameworks";
				LIBRARY_SEARCH_PATHS = "\"$(SRCROOT)/../NHShareHelper/WeiBo/WeiboSDK\"";
				OTHER_LDFLAGS = (
					"$(inherited)",
					"-all_load",
				);
				PRODUCT_BUNDLE_IDENTIFIER = com.facebac.BaiKeTwinkleStar;
				PRODUCT_NAME = "$(TARGET_NAME)";
				TARGETED_DEVICE_FAMILY = "1,2";
			};
			name = Release;
		};
		0A26E75F1F9E369300C520E5 /* Debug */ = {
			isa = XCBuildConfiguration;
			buildSettings = {
				BUNDLE_LOADER = "$(TEST_HOST)";
				CODE_SIGN_STYLE = Automatic;
				DEVELOPMENT_TEAM = 69U78V53ZN;
				INFOPLIST_FILE = NHShareHelperDemoTests/Info.plist;
				LD_RUNPATH_SEARCH_PATHS = "$(inherited) @executable_path/Frameworks @loader_path/Frameworks";
				PRODUCT_BUNDLE_IDENTIFIER = neghao.studio.NHShareHelperDemoTests;
				PRODUCT_NAME = "$(TARGET_NAME)";
				TARGETED_DEVICE_FAMILY = "1,2";
				TEST_HOST = "$(BUILT_PRODUCTS_DIR)/NHShareHelperDemo.app/NHShareHelperDemo";
			};
			name = Debug;
		};
		0A26E7601F9E369300C520E5 /* Release */ = {
			isa = XCBuildConfiguration;
			buildSettings = {
				BUNDLE_LOADER = "$(TEST_HOST)";
				CODE_SIGN_STYLE = Automatic;
				DEVELOPMENT_TEAM = 69U78V53ZN;
				INFOPLIST_FILE = NHShareHelperDemoTests/Info.plist;
				LD_RUNPATH_SEARCH_PATHS = "$(inherited) @executable_path/Frameworks @loader_path/Frameworks";
				PRODUCT_BUNDLE_IDENTIFIER = neghao.studio.NHShareHelperDemoTests;
				PRODUCT_NAME = "$(TARGET_NAME)";
				TARGETED_DEVICE_FAMILY = "1,2";
				TEST_HOST = "$(BUILT_PRODUCTS_DIR)/NHShareHelperDemo.app/NHShareHelperDemo";
			};
			name = Release;
		};
		0A26E7621F9E369300C520E5 /* Debug */ = {
			isa = XCBuildConfiguration;
			buildSettings = {
				CODE_SIGN_STYLE = Automatic;
				DEVELOPMENT_TEAM = 69U78V53ZN;
				INFOPLIST_FILE = NHShareHelperDemoUITests/Info.plist;
				LD_RUNPATH_SEARCH_PATHS = "$(inherited) @executable_path/Frameworks @loader_path/Frameworks";
				PRODUCT_BUNDLE_IDENTIFIER = neghao.studio.NHShareHelperDemoUITests;
				PRODUCT_NAME = "$(TARGET_NAME)";
				TARGETED_DEVICE_FAMILY = "1,2";
				TEST_TARGET_NAME = NHShareHelperDemo;
			};
			name = Debug;
		};
		0A26E7631F9E369300C520E5 /* Release */ = {
			isa = XCBuildConfiguration;
			buildSettings = {
				CODE_SIGN_STYLE = Automatic;
				DEVELOPMENT_TEAM = 69U78V53ZN;
				INFOPLIST_FILE = NHShareHelperDemoUITests/Info.plist;
				LD_RUNPATH_SEARCH_PATHS = "$(inherited) @executable_path/Frameworks @loader_path/Frameworks";
				PRODUCT_BUNDLE_IDENTIFIER = neghao.studio.NHShareHelperDemoUITests;
				PRODUCT_NAME = "$(TARGET_NAME)";
				TARGETED_DEVICE_FAMILY = "1,2";
				TEST_TARGET_NAME = NHShareHelperDemo;
			};
			name = Release;
		};
/* End XCBuildConfiguration section */

/* Begin XCConfigurationList section */
		0A26E72A1F9E369300C520E5 /* Build configuration list for PBXProject "NHShareHelperDemo" */ = {
			isa = XCConfigurationList;
			buildConfigurations = (
				0A26E7591F9E369300C520E5 /* Debug */,
				0A26E75A1F9E369300C520E5 /* Release */,
			);
			defaultConfigurationIsVisible = 0;
			defaultConfigurationName = Release;
		};
		0A26E75B1F9E369300C520E5 /* Build configuration list for PBXNativeTarget "NHShareHelperDemo" */ = {
			isa = XCConfigurationList;
			buildConfigurations = (
				0A26E75C1F9E369300C520E5 /* Debug */,
				0A26E75D1F9E369300C520E5 /* Release */,
			);
			defaultConfigurationIsVisible = 0;
			defaultConfigurationName = Release;
		};
		0A26E75E1F9E369300C520E5 /* Build configuration list for PBXNativeTarget "NHShareHelperDemoTests" */ = {
			isa = XCConfigurationList;
			buildConfigurations = (
				0A26E75F1F9E369300C520E5 /* Debug */,
				0A26E7601F9E369300C520E5 /* Release */,
			);
			defaultConfigurationIsVisible = 0;
			defaultConfigurationName = Release;
		};
		0A26E7611F9E369300C520E5 /* Build configuration list for PBXNativeTarget "NHShareHelperDemoUITests" */ = {
			isa = XCConfigurationList;
			buildConfigurations = (
				0A26E7621F9E369300C520E5 /* Debug */,
				0A26E7631F9E369300C520E5 /* Release */,
			);
			defaultConfigurationIsVisible = 0;
			defaultConfigurationName = Release;
		};
/* End XCConfigurationList section */
	};
	rootObject = 0A26E7271F9E369300C520E5 /* Project object */;
}
